
Microsoft Visual Studio Solution File, Format Version 12.00
# Visual Studio Version 16
VisualStudioVersion = 16.0.29009.5
MinimumVisualStudioVersion = 10.0.40219.1
Project("{9A19103F-16F7-4668-BE54-9A1E7A4F7556}") = "ZeroLevel", "ZeroLevel\ZeroLevel.csproj", "{06C9E60E-D449-41A7-9BF0-A829AAF5D214}"
EndProject
Project("{9A19103F-16F7-4668-BE54-9A1E7A4F7556}") = "ZeroLevel.UnitTests", "ZeroLevel.UnitTests\ZeroLevel.UnitTests.csproj", "{E5595DE0-B177-4078-AD10-8D3135014838}"
EndProject
Project("{9A19103F-16F7-4668-BE54-9A1E7A4F7556}") = "TestApp", "TestApp\TestApp.csproj", "{674561F2-A3E2-40E6-8E5B-AD94276AD856}"
EndProject
Project("{9A19103F-16F7-4668-BE54-9A1E7A4F7556}") = "ZeroLevel.Discovery", "ZeroLevel.Discovery\ZeroLevel.Discovery.csproj", "{5CE51CC9-7884-4E21-9D68-2321CA14312E}"
EndProject
Project("{2150E333-8FDC-42A3-9474-1A3956D46DE8}") = "FileTransferTest", "FileTransferTest", "{FC074553-5D9F-4DF1-9130-7092E37DE768}"
EndProject
Project("{2150E333-8FDC-42A3-9474-1A3956D46DE8}") = "TestPipeLine", "TestPipeLine", "{03ACF314-93FC-46FE-9FB8-3F46A01A5A15}"
EndProject
Project("{FAE04EC0-301F-11D3-BF4B-00C04F79EFBC}") = "Watcher", "TestPipeLine\Watcher\Watcher.csproj", "{6E04F32A-FB90-41D2-9059-F37311F813B3}"
EndProject
Project("{FAE04EC0-301F-11D3-BF4B-00C04F79EFBC}") = "Source", "TestPipeLine\Source\Source.csproj", "{A1D60994-5744-47D1-B684-C1C0B782998B}"
EndProject
Project("{FAE04EC0-301F-11D3-BF4B-00C04F79EFBC}") = "Processor", "TestPipeLine\Processor\Processor.csproj", "{806D0160-A4BF-4881-AF33-308F4FEF8E15}"
EndProject
Project("{FAE04EC0-301F-11D3-BF4B-00C04F79EFBC}") = "Consumer", "TestPipeLine\Consumer\Consumer.csproj", "{931DEA89-42D1-4C06-9CB8-A3A0412093D6}"
EndProject
Project("{9A19103F-16F7-4668-BE54-9A1E7A4F7556}") = "ZeroLevel.SQL", "ZeroLevel.SQL\ZeroLevel.SQL.csproj", "{D25EC1F0-3BD2-409C-8A01-8C8339D5835C}"
EndProject
Project("{FAE04EC0-301F-11D3-BF4B-00C04F79EFBC}") = "ZeroNetworkMonitor", "ZeroNetworkMonitor\ZeroNetworkMonitor.csproj", "{EECF6EA0-6D9C-4B69-9CA3-23357C04B84C}"
EndProject
Project("{9A19103F-16F7-4668-BE54-9A1E7A4F7556}") = "ZeroLevel.Logger", "ZeroLevel.Logger\ZeroLevel.Logger.csproj", "{D1C061DB-3565-43C3-B8F3-628DE4908750}"
EndProject
Project("{9A19103F-16F7-4668-BE54-9A1E7A4F7556}") = "ZeroLevel.SqLite", "ZeroLevel.SqLite\ZeroLevel.SqLite.csproj", "{5B545DD6-8573-4CDD-B32D-9B0AA2AC2F9A}"
EndProject
Project("{9A19103F-16F7-4668-BE54-9A1E7A4F7556}") = "ZeroLevel.EventsServer", "ZeroLevel.EventsServer\ZeroLevel.EventsServer.csproj", "{04219F58-4D3A-4707-82A8-4DDDC9882969}"
EndProject
Project("{2150E333-8FDC-42A3-9474-1A3956D46DE8}") = "WPFExamples", "WPFExamples", "{7CCA0125-7A96-48FA-9F0D-BCF7EAD8FF9D}"
	ProjectSection(SolutionItems) = preProject
		WPFExamples\Controls\AlignableWrapPanel.cs = WPFExamples\Controls\AlignableWrapPanel.cs
		WPFExamples\Convertors\BaseConvertor.cs = WPFExamples\Convertors\BaseConvertor.cs
		WPFExamples\BaseViewModel.cs = WPFExamples\BaseViewModel.cs
		WPFExamples\Helpers\BitmapSourceHelper.cs = WPFExamples\Helpers\BitmapSourceHelper.cs
		WPFExamples\Convertors\BooleanAndConverter.cs = WPFExamples\Convertors\BooleanAndConverter.cs
		WPFExamples\Convertors\BoolToVisibilityConverter.cs = WPFExamples\Convertors\BoolToVisibilityConverter.cs
		WPFExamples\Controls\ControlUnlocker.cs = WPFExamples\Controls\ControlUnlocker.cs
		WPFExamples\Behaviours\ListBoxAutoScrollBehavior.cs = WPFExamples\Behaviours\ListBoxAutoScrollBehavior.cs
		WPFExamples\RelayCommand.cs = WPFExamples\RelayCommand.cs
		WPFExamples\Controls\VirtualToggleButton.cs = WPFExamples\Controls\VirtualToggleButton.cs
	EndProjectSection
EndProject
Project("{FAE04EC0-301F-11D3-BF4B-00C04F79EFBC}") = "FileTransferClient", "FileTransferTest\FileTransferClient\FileTransferClient.csproj", "{F8B727E1-340D-4096-A784-E570AE13FABC}"
EndProject
Project("{FAE04EC0-301F-11D3-BF4B-00C04F79EFBC}") = "FileTransferServer", "FileTransferTest\FileTransferServer\FileTransferServer.csproj", "{9BF859EE-EF90-4B5B-8576-E26770F2F792}"
EndProject
Project("{2150E333-8FDC-42A3-9474-1A3956D46DE8}") = "ConnectionTest", "ConnectionTest", "{D5207A5A-2F27-4992-9BA5-0BDCFC59F133}"
EndProject
Project("{9A19103F-16F7-4668-BE54-9A1E7A4F7556}") = "Client", "ConnectionTest\Client\Client.csproj", "{08CDD42E-E324-40A4-88C3-EDD0493AAF84}"
EndProject
Project("{9A19103F-16F7-4668-BE54-9A1E7A4F7556}") = "Server", "ConnectionTest\Server\Server.csproj", "{3496A688-0749-48C2-BD60-ABB42A5C17C9}"
EndProject
Project("{9A19103F-16F7-4668-BE54-9A1E7A4F7556}") = "ZeroLevel.Qdrant", "ZeroLevel.Qdrant\ZeroLevel.Qdrant.csproj", "{7188B89E-96EB-4EFB-AAFB-D0A823031F99}"
EndProject
Project("{9A19103F-16F7-4668-BE54-9A1E7A4F7556}") = "ZeroLevel.HNSW", "ZeroLevel.HNSW\ZeroLevel.HNSW.csproj", "{1EAC0A2C-B00F-4353-94D3-3BB4DC5C92AE}"
EndProject
Project("{9A19103F-16F7-4668-BE54-9A1E7A4F7556}") = "HNSWDemo", "TestHNSW\HNSWDemo\HNSWDemo.csproj", "{E0E9EC21-B958-4018-AE30-67DB88EFCB90}"
EndProject
Project("{FAE04EC0-301F-11D3-BF4B-00C04F79EFBC}") = "temp", "temp\temp.csproj", "{DFE59EBC-B6BC-450C-9D81-394CCAE30498}"
EndProject
Project("{FAE04EC0-301F-11D3-BF4B-00C04F79EFBC}") = "temp2", "temp2\temp2.csproj", "{DEBF2F14-E7F8-40A4-A4A8-87C9033D52A4}"
EndProject
Global
	GlobalSection(SolutionConfigurationPlatforms) = preSolution
		Debug|Any CPU = Debug|Any CPU
		Debug|x64 = Debug|x64
		Debug|x86 = Debug|x86
		Release|Any CPU = Release|Any CPU
		Release|x64 = Release|x64
		Release|x86 = Release|x86
	EndGlobalSection
	GlobalSection(ProjectConfigurationPlatforms) = postSolution
		{06C9E60E-D449-41A7-9BF0-A829AAF5D214}.Debug|Any CPU.ActiveCfg = Debug|Any CPU
		{06C9E60E-D449-41A7-9BF0-A829AAF5D214}.Debug|Any CPU.Build.0 = Debug|Any CPU
		{06C9E60E-D449-41A7-9BF0-A829AAF5D214}.Debug|x64.ActiveCfg = Debug|x64
		{06C9E60E-D449-41A7-9BF0-A829AAF5D214}.Debug|x64.Build.0 = Debug|x64
		{06C9E60E-D449-41A7-9BF0-A829AAF5D214}.Debug|x86.ActiveCfg = Debug|x86
		{06C9E60E-D449-41A7-9BF0-A829AAF5D214}.Debug|x86.Build.0 = Debug|x86
		{06C9E60E-D449-41A7-9BF0-A829AAF5D214}.Release|Any CPU.ActiveCfg = Release|Any CPU
		{06C9E60E-D449-41A7-9BF0-A829AAF5D214}.Release|Any CPU.Build.0 = Release|Any CPU
		{06C9E60E-D449-41A7-9BF0-A829AAF5D214}.Release|x64.ActiveCfg = Release|x64
		{06C9E60E-D449-41A7-9BF0-A829AAF5D214}.Release|x64.Build.0 = Release|x64
		{06C9E60E-D449-41A7-9BF0-A829AAF5D214}.Release|x86.ActiveCfg = Release|x86
		{06C9E60E-D449-41A7-9BF0-A829AAF5D214}.Release|x86.Build.0 = Release|x86
		{E5595DE0-B177-4078-AD10-8D3135014838}.Debug|Any CPU.ActiveCfg = Debug|Any CPU
		{E5595DE0-B177-4078-AD10-8D3135014838}.Debug|Any CPU.Build.0 = Debug|Any CPU
		{E5595DE0-B177-4078-AD10-8D3135014838}.Debug|x64.ActiveCfg = Debug|x64
		{E5595DE0-B177-4078-AD10-8D3135014838}.Debug|x64.Build.0 = Debug|x64
		{E5595DE0-B177-4078-AD10-8D3135014838}.Debug|x86.ActiveCfg = Debug|x86
		{E5595DE0-B177-4078-AD10-8D3135014838}.Debug|x86.Build.0 = Debug|x86
		{E5595DE0-B177-4078-AD10-8D3135014838}.Release|Any CPU.ActiveCfg = Release|Any CPU
		{E5595DE0-B177-4078-AD10-8D3135014838}.Release|Any CPU.Build.0 = Release|Any CPU
		{E5595DE0-B177-4078-AD10-8D3135014838}.Release|x64.ActiveCfg = Release|x64
		{E5595DE0-B177-4078-AD10-8D3135014838}.Release|x64.Build.0 = Release|x64
		{E5595DE0-B177-4078-AD10-8D3135014838}.Release|x86.ActiveCfg = Release|x86
		{E5595DE0-B177-4078-AD10-8D3135014838}.Release|x86.Build.0 = Release|x86
		{674561F2-A3E2-40E6-8E5B-AD94276AD856}.Debug|Any CPU.ActiveCfg = Debug|Any CPU
		{674561F2-A3E2-40E6-8E5B-AD94276AD856}.Debug|Any CPU.Build.0 = Debug|Any CPU
		{674561F2-A3E2-40E6-8E5B-AD94276AD856}.Debug|x64.ActiveCfg = Debug|x64
		{674561F2-A3E2-40E6-8E5B-AD94276AD856}.Debug|x64.Build.0 = Debug|x64
		{674561F2-A3E2-40E6-8E5B-AD94276AD856}.Debug|x86.ActiveCfg = Debug|x86
		{674561F2-A3E2-40E6-8E5B-AD94276AD856}.Debug|x86.Build.0 = Debug|x86
		{674561F2-A3E2-40E6-8E5B-AD94276AD856}.Release|Any CPU.ActiveCfg = Release|Any CPU
		{674561F2-A3E2-40E6-8E5B-AD94276AD856}.Release|Any CPU.Build.0 = Release|Any CPU
		{674561F2-A3E2-40E6-8E5B-AD94276AD856}.Release|x64.ActiveCfg = Release|x64
		{674561F2-A3E2-40E6-8E5B-AD94276AD856}.Release|x64.Build.0 = Release|x64
		{674561F2-A3E2-40E6-8E5B-AD94276AD856}.Release|x86.ActiveCfg = Release|x86
		{674561F2-A3E2-40E6-8E5B-AD94276AD856}.Release|x86.Build.0 = Release|x86
		{5CE51CC9-7884-4E21-9D68-2321CA14312E}.Debug|Any CPU.ActiveCfg = Debug|Any CPU
		{5CE51CC9-7884-4E21-9D68-2321CA14312E}.Debug|Any CPU.Build.0 = Debug|Any CPU
		{5CE51CC9-7884-4E21-9D68-2321CA14312E}.Debug|x64.ActiveCfg = Debug|x64
		{5CE51CC9-7884-4E21-9D68-2321CA14312E}.Debug|x64.Build.0 = Debug|x64
		{5CE51CC9-7884-4E21-9D68-2321CA14312E}.Debug|x86.ActiveCfg = Debug|x86
		{5CE51CC9-7884-4E21-9D68-2321CA14312E}.Debug|x86.Build.0 = Debug|x86
		{5CE51CC9-7884-4E21-9D68-2321CA14312E}.Release|Any CPU.ActiveCfg = Release|Any CPU
		{5CE51CC9-7884-4E21-9D68-2321CA14312E}.Release|Any CPU.Build.0 = Release|Any CPU
		{5CE51CC9-7884-4E21-9D68-2321CA14312E}.Release|x64.ActiveCfg = Release|x64
		{5CE51CC9-7884-4E21-9D68-2321CA14312E}.Release|x64.Build.0 = Release|x64
		{5CE51CC9-7884-4E21-9D68-2321CA14312E}.Release|x86.ActiveCfg = Release|x86
		{5CE51CC9-7884-4E21-9D68-2321CA14312E}.Release|x86.Build.0 = Release|x86
		{6E04F32A-FB90-41D2-9059-F37311F813B3}.Debug|Any CPU.ActiveCfg = Debug|Any CPU
		{6E04F32A-FB90-41D2-9059-F37311F813B3}.Debug|Any CPU.Build.0 = Debug|Any CPU
		{6E04F32A-FB90-41D2-9059-F37311F813B3}.Debug|x64.ActiveCfg = Debug|x64
		{6E04F32A-FB90-41D2-9059-F37311F813B3}.Debug|x64.Build.0 = Debug|x64
		{6E04F32A-FB90-41D2-9059-F37311F813B3}.Debug|x86.ActiveCfg = Debug|x86
		{6E04F32A-FB90-41D2-9059-F37311F813B3}.Debug|x86.Build.0 = Debug|x86
		{6E04F32A-FB90-41D2-9059-F37311F813B3}.Release|Any CPU.ActiveCfg = Release|Any CPU
		{6E04F32A-FB90-41D2-9059-F37311F813B3}.Release|Any CPU.Build.0 = Release|Any CPU
		{6E04F32A-FB90-41D2-9059-F37311F813B3}.Release|x64.ActiveCfg = Release|x64
		{6E04F32A-FB90-41D2-9059-F37311F813B3}.Release|x64.Build.0 = Release|x64
		{6E04F32A-FB90-41D2-9059-F37311F813B3}.Release|x86.ActiveCfg = Release|x86
		{6E04F32A-FB90-41D2-9059-F37311F813B3}.Release|x86.Build.0 = Release|x86
		{A1D60994-5744-47D1-B684-C1C0B782998B}.Debug|Any CPU.ActiveCfg = Debug|Any CPU
		{A1D60994-5744-47D1-B684-C1C0B782998B}.Debug|Any CPU.Build.0 = Debug|Any CPU
		{A1D60994-5744-47D1-B684-C1C0B782998B}.Debug|x64.ActiveCfg = Debug|x64
		{A1D60994-5744-47D1-B684-C1C0B782998B}.Debug|x64.Build.0 = Debug|x64
		{A1D60994-5744-47D1-B684-C1C0B782998B}.Debug|x86.ActiveCfg = Debug|x86
		{A1D60994-5744-47D1-B684-C1C0B782998B}.Debug|x86.Build.0 = Debug|x86
		{A1D60994-5744-47D1-B684-C1C0B782998B}.Release|Any CPU.ActiveCfg = Release|Any CPU
		{A1D60994-5744-47D1-B684-C1C0B782998B}.Release|Any CPU.Build.0 = Release|Any CPU
		{A1D60994-5744-47D1-B684-C1C0B782998B}.Release|x64.ActiveCfg = Release|x64
		{A1D60994-5744-47D1-B684-C1C0B782998B}.Release|x64.Build.0 = Release|x64
		{A1D60994-5744-47D1-B684-C1C0B782998B}.Release|x86.ActiveCfg = Release|x86
		{A1D60994-5744-47D1-B684-C1C0B782998B}.Release|x86.Build.0 = Release|x86
		{806D0160-A4BF-4881-AF33-308F4FEF8E15}.Debug|Any CPU.ActiveCfg = Debug|Any CPU
		{806D0160-A4BF-4881-AF33-308F4FEF8E15}.Debug|Any CPU.Build.0 = Debug|Any CPU
		{806D0160-A4BF-4881-AF33-308F4FEF8E15}.Debug|x64.ActiveCfg = Debug|x64
		{806D0160-A4BF-4881-AF33-308F4FEF8E15}.Debug|x64.Build.0 = Debug|x64
		{806D0160-A4BF-4881-AF33-308F4FEF8E15}.Debug|x86.ActiveCfg = Debug|x86
		{806D0160-A4BF-4881-AF33-308F4FEF8E15}.Debug|x86.Build.0 = Debug|x86
		{806D0160-A4BF-4881-AF33-308F4FEF8E15}.Release|Any CPU.ActiveCfg = Release|Any CPU
		{806D0160-A4BF-4881-AF33-308F4FEF8E15}.Release|Any CPU.Build.0 = Release|Any CPU
		{806D0160-A4BF-4881-AF33-308F4FEF8E15}.Release|x64.ActiveCfg = Release|x64
		{806D0160-A4BF-4881-AF33-308F4FEF8E15}.Release|x64.Build.0 = Release|x64
		{806D0160-A4BF-4881-AF33-308F4FEF8E15}.Release|x86.ActiveCfg = Release|x86
		{806D0160-A4BF-4881-AF33-308F4FEF8E15}.Release|x86.Build.0 = Release|x86
		{931DEA89-42D1-4C06-9CB8-A3A0412093D6}.Debug|Any CPU.ActiveCfg = Debug|Any CPU
		{931DEA89-42D1-4C06-9CB8-A3A0412093D6}.Debug|Any CPU.Build.0 = Debug|Any CPU
		{931DEA89-42D1-4C06-9CB8-A3A0412093D6}.Debug|x64.ActiveCfg = Debug|x64
		{931DEA89-42D1-4C06-9CB8-A3A0412093D6}.Debug|x64.Build.0 = Debug|x64
		{931DEA89-42D1-4C06-9CB8-A3A0412093D6}.Debug|x86.ActiveCfg = Debug|x86
		{931DEA89-42D1-4C06-9CB8-A3A0412093D6}.Debug|x86.Build.0 = Debug|x86
		{931DEA89-42D1-4C06-9CB8-A3A0412093D6}.Release|Any CPU.ActiveCfg = Release|Any CPU
		{931DEA89-42D1-4C06-9CB8-A3A0412093D6}.Release|Any CPU.Build.0 = Release|Any CPU
		{931DEA89-42D1-4C06-9CB8-A3A0412093D6}.Release|x64.ActiveCfg = Release|x64
		{931DEA89-42D1-4C06-9CB8-A3A0412093D6}.Release|x64.Build.0 = Release|x64
		{931DEA89-42D1-4C06-9CB8-A3A0412093D6}.Release|x86.ActiveCfg = Release|x86
		{931DEA89-42D1-4C06-9CB8-A3A0412093D6}.Release|x86.Build.0 = Release|x86
		{D25EC1F0-3BD2-409C-8A01-8C8339D5835C}.Debug|Any CPU.ActiveCfg = Debug|Any CPU
		{D25EC1F0-3BD2-409C-8A01-8C8339D5835C}.Debug|Any CPU.Build.0 = Debug|Any CPU
		{D25EC1F0-3BD2-409C-8A01-8C8339D5835C}.Debug|x64.ActiveCfg = Debug|x64
		{D25EC1F0-3BD2-409C-8A01-8C8339D5835C}.Debug|x64.Build.0 = Debug|x64
		{D25EC1F0-3BD2-409C-8A01-8C8339D5835C}.Debug|x86.ActiveCfg = Debug|x86
		{D25EC1F0-3BD2-409C-8A01-8C8339D5835C}.Debug|x86.Build.0 = Debug|x86
		{D25EC1F0-3BD2-409C-8A01-8C8339D5835C}.Release|Any CPU.ActiveCfg = Release|Any CPU
		{D25EC1F0-3BD2-409C-8A01-8C8339D5835C}.Release|Any CPU.Build.0 = Release|Any CPU
		{D25EC1F0-3BD2-409C-8A01-8C8339D5835C}.Release|x64.ActiveCfg = Release|x64
		{D25EC1F0-3BD2-409C-8A01-8C8339D5835C}.Release|x64.Build.0 = Release|x64
		{D25EC1F0-3BD2-409C-8A01-8C8339D5835C}.Release|x86.ActiveCfg = Release|x86
		{D25EC1F0-3BD2-409C-8A01-8C8339D5835C}.Release|x86.Build.0 = Release|x86
		{EECF6EA0-6D9C-4B69-9CA3-23357C04B84C}.Debug|Any CPU.ActiveCfg = Debug|Any CPU
		{EECF6EA0-6D9C-4B69-9CA3-23357C04B84C}.Debug|Any CPU.Build.0 = Debug|Any CPU
		{EECF6EA0-6D9C-4B69-9CA3-23357C04B84C}.Debug|x64.ActiveCfg = Debug|x64
		{EECF6EA0-6D9C-4B69-9CA3-23357C04B84C}.Debug|x64.Build.0 = Debug|x64
		{EECF6EA0-6D9C-4B69-9CA3-23357C04B84C}.Debug|x86.ActiveCfg = Debug|x86
		{EECF6EA0-6D9C-4B69-9CA3-23357C04B84C}.Debug|x86.Build.0 = Debug|x86
		{EECF6EA0-6D9C-4B69-9CA3-23357C04B84C}.Release|Any CPU.ActiveCfg = Release|Any CPU
		{EECF6EA0-6D9C-4B69-9CA3-23357C04B84C}.Release|Any CPU.Build.0 = Release|Any CPU
		{EECF6EA0-6D9C-4B69-9CA3-23357C04B84C}.Release|x64.ActiveCfg = Release|x64
		{EECF6EA0-6D9C-4B69-9CA3-23357C04B84C}.Release|x64.Build.0 = Release|x64
		{EECF6EA0-6D9C-4B69-9CA3-23357C04B84C}.Release|x86.ActiveCfg = Release|x86
		{EECF6EA0-6D9C-4B69-9CA3-23357C04B84C}.Release|x86.Build.0 = Release|x86
		{D1C061DB-3565-43C3-B8F3-628DE4908750}.Debug|Any CPU.ActiveCfg = Debug|Any CPU
		{D1C061DB-3565-43C3-B8F3-628DE4908750}.Debug|Any CPU.Build.0 = Debug|Any CPU
		{D1C061DB-3565-43C3-B8F3-628DE4908750}.Debug|x64.ActiveCfg = Debug|x64
		{D1C061DB-3565-43C3-B8F3-628DE4908750}.Debug|x64.Build.0 = Debug|x64
		{D1C061DB-3565-43C3-B8F3-628DE4908750}.Debug|x86.ActiveCfg = Debug|x86
		{D1C061DB-3565-43C3-B8F3-628DE4908750}.Debug|x86.Build.0 = Debug|x86
		{D1C061DB-3565-43C3-B8F3-628DE4908750}.Release|Any CPU.ActiveCfg = Release|Any CPU
		{D1C061DB-3565-43C3-B8F3-628DE4908750}.Release|Any CPU.Build.0 = Release|Any CPU
		{D1C061DB-3565-43C3-B8F3-628DE4908750}.Release|x64.ActiveCfg = Release|x64
		{D1C061DB-3565-43C3-B8F3-628DE4908750}.Release|x64.Build.0 = Release|x64
		{D1C061DB-3565-43C3-B8F3-628DE4908750}.Release|x86.ActiveCfg = Release|x86
		{D1C061DB-3565-43C3-B8F3-628DE4908750}.Release|x86.Build.0 = Release|x86
		{5B545DD6-8573-4CDD-B32D-9B0AA2AC2F9A}.Debug|Any CPU.ActiveCfg = Debug|Any CPU
		{5B545DD6-8573-4CDD-B32D-9B0AA2AC2F9A}.Debug|Any CPU.Build.0 = Debug|Any CPU
		{5B545DD6-8573-4CDD-B32D-9B0AA2AC2F9A}.Debug|x64.ActiveCfg = Debug|x64
		{5B545DD6-8573-4CDD-B32D-9B0AA2AC2F9A}.Debug|x64.Build.0 = Debug|x64
		{5B545DD6-8573-4CDD-B32D-9B0AA2AC2F9A}.Debug|x86.ActiveCfg = Debug|x86
		{5B545DD6-8573-4CDD-B32D-9B0AA2AC2F9A}.Debug|x86.Build.0 = Debug|x86
		{5B545DD6-8573-4CDD-B32D-9B0AA2AC2F9A}.Release|Any CPU.ActiveCfg = Release|Any CPU
		{5B545DD6-8573-4CDD-B32D-9B0AA2AC2F9A}.Release|Any CPU.Build.0 = Release|Any CPU
		{5B545DD6-8573-4CDD-B32D-9B0AA2AC2F9A}.Release|x64.ActiveCfg = Release|x64
		{5B545DD6-8573-4CDD-B32D-9B0AA2AC2F9A}.Release|x64.Build.0 = Release|x64
		{5B545DD6-8573-4CDD-B32D-9B0AA2AC2F9A}.Release|x86.ActiveCfg = Release|x86
		{5B545DD6-8573-4CDD-B32D-9B0AA2AC2F9A}.Release|x86.Build.0 = Release|x86
		{04219F58-4D3A-4707-82A8-4DDDC9882969}.Debug|Any CPU.ActiveCfg = Debug|Any CPU
		{04219F58-4D3A-4707-82A8-4DDDC9882969}.Debug|Any CPU.Build.0 = Debug|Any CPU
		{04219F58-4D3A-4707-82A8-4DDDC9882969}.Debug|x64.ActiveCfg = Debug|x64
		{04219F58-4D3A-4707-82A8-4DDDC9882969}.Debug|x64.Build.0 = Debug|x64
		{04219F58-4D3A-4707-82A8-4DDDC9882969}.Debug|x86.ActiveCfg = Debug|x86
		{04219F58-4D3A-4707-82A8-4DDDC9882969}.Debug|x86.Build.0 = Debug|x86
		{04219F58-4D3A-4707-82A8-4DDDC9882969}.Release|Any CPU.ActiveCfg = Release|Any CPU
		{04219F58-4D3A-4707-82A8-4DDDC9882969}.Release|Any CPU.Build.0 = Release|Any CPU
		{04219F58-4D3A-4707-82A8-4DDDC9882969}.Release|x64.ActiveCfg = Release|x64
		{04219F58-4D3A-4707-82A8-4DDDC9882969}.Release|x64.Build.0 = Release|x64
		{04219F58-4D3A-4707-82A8-4DDDC9882969}.Release|x86.ActiveCfg = Release|x86
		{04219F58-4D3A-4707-82A8-4DDDC9882969}.Release|x86.Build.0 = Release|x86
		{F8B727E1-340D-4096-A784-E570AE13FABC}.Debug|Any CPU.ActiveCfg = Debug|Any CPU
		{F8B727E1-340D-4096-A784-E570AE13FABC}.Debug|Any CPU.Build.0 = Debug|Any CPU
		{F8B727E1-340D-4096-A784-E570AE13FABC}.Debug|x64.ActiveCfg = Debug|x64
		{F8B727E1-340D-4096-A784-E570AE13FABC}.Debug|x64.Build.0 = Debug|x64
		{F8B727E1-340D-4096-A784-E570AE13FABC}.Debug|x86.ActiveCfg = Debug|x86
		{F8B727E1-340D-4096-A784-E570AE13FABC}.Debug|x86.Build.0 = Debug|x86
		{F8B727E1-340D-4096-A784-E570AE13FABC}.Release|Any CPU.ActiveCfg = Release|Any CPU
		{F8B727E1-340D-4096-A784-E570AE13FABC}.Release|Any CPU.Build.0 = Release|Any CPU
		{F8B727E1-340D-4096-A784-E570AE13FABC}.Release|x64.ActiveCfg = Release|x64
		{F8B727E1-340D-4096-A784-E570AE13FABC}.Release|x64.Build.0 = Release|x64
		{F8B727E1-340D-4096-A784-E570AE13FABC}.Release|x86.ActiveCfg = Release|x86
		{F8B727E1-340D-4096-A784-E570AE13FABC}.Release|x86.Build.0 = Release|x86
		{9BF859EE-EF90-4B5B-8576-E26770F2F792}.Debug|Any CPU.ActiveCfg = Debug|Any CPU
		{9BF859EE-EF90-4B5B-8576-E26770F2F792}.Debug|Any CPU.Build.0 = Debug|Any CPU
		{9BF859EE-EF90-4B5B-8576-E26770F2F792}.Debug|x64.ActiveCfg = Debug|x64
		{9BF859EE-EF90-4B5B-8576-E26770F2F792}.Debug|x64.Build.0 = Debug|x64
		{9BF859EE-EF90-4B5B-8576-E26770F2F792}.Debug|x86.ActiveCfg = Debug|x86
		{9BF859EE-EF90-4B5B-8576-E26770F2F792}.Debug|x86.Build.0 = Debug|x86
		{9BF859EE-EF90-4B5B-8576-E26770F2F792}.Release|Any CPU.ActiveCfg = Release|Any CPU
		{9BF859EE-EF90-4B5B-8576-E26770F2F792}.Release|Any CPU.Build.0 = Release|Any CPU
		{9BF859EE-EF90-4B5B-8576-E26770F2F792}.Release|x64.ActiveCfg = Release|x64
		{9BF859EE-EF90-4B5B-8576-E26770F2F792}.Release|x64.Build.0 = Release|x64
		{9BF859EE-EF90-4B5B-8576-E26770F2F792}.Release|x86.ActiveCfg = Release|x86
		{9BF859EE-EF90-4B5B-8576-E26770F2F792}.Release|x86.Build.0 = Release|x86
		{08CDD42E-E324-40A4-88C3-EDD0493AAF84}.Debug|Any CPU.ActiveCfg = Debug|Any CPU
		{08CDD42E-E324-40A4-88C3-EDD0493AAF84}.Debug|Any CPU.Build.0 = Debug|Any CPU
		{08CDD42E-E324-40A4-88C3-EDD0493AAF84}.Debug|x64.ActiveCfg = Debug|x64
		{08CDD42E-E324-40A4-88C3-EDD0493AAF84}.Debug|x64.Build.0 = Debug|x64
		{08CDD42E-E324-40A4-88C3-EDD0493AAF84}.Debug|x86.ActiveCfg = Debug|x86
		{08CDD42E-E324-40A4-88C3-EDD0493AAF84}.Debug|x86.Build.0 = Debug|x86
		{08CDD42E-E324-40A4-88C3-EDD0493AAF84}.Release|Any CPU.ActiveCfg = Release|Any CPU
		{08CDD42E-E324-40A4-88C3-EDD0493AAF84}.Release|Any CPU.Build.0 = Release|Any CPU
		{08CDD42E-E324-40A4-88C3-EDD0493AAF84}.Release|x64.ActiveCfg = Release|x64
		{08CDD42E-E324-40A4-88C3-EDD0493AAF84}.Release|x64.Build.0 = Release|x64
		{08CDD42E-E324-40A4-88C3-EDD0493AAF84}.Release|x86.ActiveCfg = Release|x86
		{08CDD42E-E324-40A4-88C3-EDD0493AAF84}.Release|x86.Build.0 = Release|x86
		{3496A688-0749-48C2-BD60-ABB42A5C17C9}.Debug|Any CPU.ActiveCfg = Debug|Any CPU
		{3496A688-0749-48C2-BD60-ABB42A5C17C9}.Debug|Any CPU.Build.0 = Debug|Any CPU
		{3496A688-0749-48C2-BD60-ABB42A5C17C9}.Debug|x64.ActiveCfg = Debug|x64
		{3496A688-0749-48C2-BD60-ABB42A5C17C9}.Debug|x64.Build.0 = Debug|x64
		{3496A688-0749-48C2-BD60-ABB42A5C17C9}.Debug|x86.ActiveCfg = Debug|x86
		{3496A688-0749-48C2-BD60-ABB42A5C17C9}.Debug|x86.Build.0 = Debug|x86
		{3496A688-0749-48C2-BD60-ABB42A5C17C9}.Release|Any CPU.ActiveCfg = Release|Any CPU
		{3496A688-0749-48C2-BD60-ABB42A5C17C9}.Release|Any CPU.Build.0 = Release|Any CPU
		{3496A688-0749-48C2-BD60-ABB42A5C17C9}.Release|x64.ActiveCfg = Release|x64
		{3496A688-0749-48C2-BD60-ABB42A5C17C9}.Release|x64.Build.0 = Release|x64
		{3496A688-0749-48C2-BD60-ABB42A5C17C9}.Release|x86.ActiveCfg = Release|x86
		{3496A688-0749-48C2-BD60-ABB42A5C17C9}.Release|x86.Build.0 = Release|x86
		{7188B89E-96EB-4EFB-AAFB-D0A823031F99}.Debug|Any CPU.ActiveCfg = Debug|Any CPU
		{7188B89E-96EB-4EFB-AAFB-D0A823031F99}.Debug|Any CPU.Build.0 = Debug|Any CPU
		{7188B89E-96EB-4EFB-AAFB-D0A823031F99}.Debug|x64.ActiveCfg = Debug|x64
		{7188B89E-96EB-4EFB-AAFB-D0A823031F99}.Debug|x64.Build.0 = Debug|x64
		{7188B89E-96EB-4EFB-AAFB-D0A823031F99}.Debug|x86.ActiveCfg = Debug|x86
		{7188B89E-96EB-4EFB-AAFB-D0A823031F99}.Debug|x86.Build.0 = Debug|x86
		{7188B89E-96EB-4EFB-AAFB-D0A823031F99}.Release|Any CPU.ActiveCfg = Release|Any CPU
		{7188B89E-96EB-4EFB-AAFB-D0A823031F99}.Release|Any CPU.Build.0 = Release|Any CPU
		{7188B89E-96EB-4EFB-AAFB-D0A823031F99}.Release|x64.ActiveCfg = Release|x64
		{7188B89E-96EB-4EFB-AAFB-D0A823031F99}.Release|x64.Build.0 = Release|x64
		{7188B89E-96EB-4EFB-AAFB-D0A823031F99}.Release|x86.ActiveCfg = Release|x86
		{7188B89E-96EB-4EFB-AAFB-D0A823031F99}.Release|x86.Build.0 = Release|x86
		{1EAC0A2C-B00F-4353-94D3-3BB4DC5C92AE}.Debug|Any CPU.ActiveCfg = Debug|Any CPU
		{1EAC0A2C-B00F-4353-94D3-3BB4DC5C92AE}.Debug|Any CPU.Build.0 = Debug|Any CPU
		{1EAC0A2C-B00F-4353-94D3-3BB4DC5C92AE}.Debug|x64.ActiveCfg = Debug|Any CPU
		{1EAC0A2C-B00F-4353-94D3-3BB4DC5C92AE}.Debug|x64.Build.0 = Debug|Any CPU
		{1EAC0A2C-B00F-4353-94D3-3BB4DC5C92AE}.Debug|x86.ActiveCfg = Debug|Any CPU
		{1EAC0A2C-B00F-4353-94D3-3BB4DC5C92AE}.Debug|x86.Build.0 = Debug|Any CPU
		{1EAC0A2C-B00F-4353-94D3-3BB4DC5C92AE}.Release|Any CPU.ActiveCfg = Release|Any CPU
		{1EAC0A2C-B00F-4353-94D3-3BB4DC5C92AE}.Release|Any CPU.Build.0 = Release|Any CPU
		{1EAC0A2C-B00F-4353-94D3-3BB4DC5C92AE}.Release|x64.ActiveCfg = Release|Any CPU
		{1EAC0A2C-B00F-4353-94D3-3BB4DC5C92AE}.Release|x64.Build.0 = Release|Any CPU
		{1EAC0A2C-B00F-4353-94D3-3BB4DC5C92AE}.Release|x86.ActiveCfg = Release|Any CPU
		{1EAC0A2C-B00F-4353-94D3-3BB4DC5C92AE}.Release|x86.Build.0 = Release|Any CPU
		{E0E9EC21-B958-4018-AE30-67DB88EFCB90}.Debug|Any CPU.ActiveCfg = Debug|Any CPU
		{E0E9EC21-B958-4018-AE30-67DB88EFCB90}.Debug|Any CPU.Build.0 = Debug|Any CPU
		{E0E9EC21-B958-4018-AE30-67DB88EFCB90}.Debug|x64.ActiveCfg = Debug|Any CPU
		{E0E9EC21-B958-4018-AE30-67DB88EFCB90}.Debug|x64.Build.0 = Debug|Any CPU
		{E0E9EC21-B958-4018-AE30-67DB88EFCB90}.Debug|x86.ActiveCfg = Debug|Any CPU
		{E0E9EC21-B958-4018-AE30-67DB88EFCB90}.Debug|x86.Build.0 = Debug|Any CPU
		{E0E9EC21-B958-4018-AE30-67DB88EFCB90}.Release|Any CPU.ActiveCfg = Release|Any CPU
		{E0E9EC21-B958-4018-AE30-67DB88EFCB90}.Release|Any CPU.Build.0 = Release|Any CPU
		{E0E9EC21-B958-4018-AE30-67DB88EFCB90}.Release|x64.ActiveCfg = Release|Any CPU
		{E0E9EC21-B958-4018-AE30-67DB88EFCB90}.Release|x64.Build.0 = Release|Any CPU
		{E0E9EC21-B958-4018-AE30-67DB88EFCB90}.Release|x86.ActiveCfg = Release|Any CPU
		{E0E9EC21-B958-4018-AE30-67DB88EFCB90}.Release|x86.Build.0 = Release|Any CPU
		{DFE59EBC-B6BC-450C-9D81-394CCAE30498}.Debug|Any CPU.ActiveCfg = Debug|Any CPU
		{DFE59EBC-B6BC-450C-9D81-394CCAE30498}.Debug|Any CPU.Build.0 = Debug|Any CPU
		{DFE59EBC-B6BC-450C-9D81-394CCAE30498}.Debug|x64.ActiveCfg = Debug|Any CPU
		{DFE59EBC-B6BC-450C-9D81-394CCAE30498}.Debug|x64.Build.0 = Debug|Any CPU
		{DFE59EBC-B6BC-450C-9D81-394CCAE30498}.Debug|x86.ActiveCfg = Debug|Any CPU
		{DFE59EBC-B6BC-450C-9D81-394CCAE30498}.Debug|x86.Build.0 = Debug|Any CPU
		{DFE59EBC-B6BC-450C-9D81-394CCAE30498}.Release|Any CPU.ActiveCfg = Release|Any CPU
		{DFE59EBC-B6BC-450C-9D81-394CCAE30498}.Release|Any CPU.Build.0 = Release|Any CPU
		{DFE59EBC-B6BC-450C-9D81-394CCAE30498}.Release|x64.ActiveCfg = Release|Any CPU
		{DFE59EBC-B6BC-450C-9D81-394CCAE30498}.Release|x64.Build.0 = Release|Any CPU
		{DFE59EBC-B6BC-450C-9D81-394CCAE30498}.Release|x86.ActiveCfg = Release|Any CPU
		{DFE59EBC-B6BC-450C-9D81-394CCAE30498}.Release|x86.Build.0 = Release|Any CPU
		{DEBF2F14-E7F8-40A4-A4A8-87C9033D52A4}.Debug|Any CPU.ActiveCfg = Debug|Any CPU
		{DEBF2F14-E7F8-40A4-A4A8-87C9033D52A4}.Debug|Any CPU.Build.0 = Debug|Any CPU
		{DEBF2F14-E7F8-40A4-A4A8-87C9033D52A4}.Debug|x64.ActiveCfg = Debug|Any CPU
		{DEBF2F14-E7F8-40A4-A4A8-87C9033D52A4}.Debug|x64.Build.0 = Debug|Any CPU
		{DEBF2F14-E7F8-40A4-A4A8-87C9033D52A4}.Debug|x86.ActiveCfg = Debug|Any CPU
		{DEBF2F14-E7F8-40A4-A4A8-87C9033D52A4}.Debug|x86.Build.0 = Debug|Any CPU
		{DEBF2F14-E7F8-40A4-A4A8-87C9033D52A4}.Release|Any CPU.ActiveCfg = Release|Any CPU
		{DEBF2F14-E7F8-40A4-A4A8-87C9033D52A4}.Release|Any CPU.Build.0 = Release|Any CPU
		{DEBF2F14-E7F8-40A4-A4A8-87C9033D52A4}.Release|x64.ActiveCfg = Release|Any CPU
		{DEBF2F14-E7F8-40A4-A4A8-87C9033D52A4}.Release|x64.Build.0 = Release|Any CPU
		{DEBF2F14-E7F8-40A4-A4A8-87C9033D52A4}.Release|x86.ActiveCfg = Release|Any CPU
		{DEBF2F14-E7F8-40A4-A4A8-87C9033D52A4}.Release|x86.Build.0 = Release|Any CPU
	EndGlobalSection
	GlobalSection(SolutionProperties) = preSolution
		HideSolutionNode = FALSE
	EndGlobalSection
	GlobalSection(NestedProjects) = preSolution
		{6E04F32A-FB90-41D2-9059-F37311F813B3} = {03ACF314-93FC-46FE-9FB8-3F46A01A5A15}
		{A1D60994-5744-47D1-B684-C1C0B782998B} = {03ACF314-93FC-46FE-9FB8-3F46A01A5A15}
		{806D0160-A4BF-4881-AF33-308F4FEF8E15} = {03ACF314-93FC-46FE-9FB8-3F46A01A5A15}
		{931DEA89-42D1-4C06-9CB8-A3A0412093D6} = {03ACF314-93FC-46FE-9FB8-3F46A01A5A15}
		{F8B727E1-340D-4096-A784-E570AE13FABC} = {FC074553-5D9F-4DF1-9130-7092E37DE768}
		{9BF859EE-EF90-4B5B-8576-E26770F2F792} = {FC074553-5D9F-4DF1-9130-7092E37DE768}
		{08CDD42E-E324-40A4-88C3-EDD0493AAF84} = {D5207A5A-2F27-4992-9BA5-0BDCFC59F133}
		{3496A688-0749-48C2-BD60-ABB42A5C17C9} = {D5207A5A-2F27-4992-9BA5-0BDCFC59F133}
	EndGlobalSection
	GlobalSection(ExtensibilityGlobals) = postSolution
		SolutionGuid = {A65DB16F-877D-4586-A9F3-8BBBFBAF5CEB}
	EndGlobalSection
EndGlobal
