
Microsoft Visual Studio Solution File, Format Version 12.00
# Visual Studio 15
VisualStudioVersion = 15.0.28307.421
MinimumVisualStudioVersion = 10.0.40219.1
Project("{FAE04EC0-301F-11D3-BF4B-00C04F79EFBC}") = "ZeroLevel", "ZeroLevel\ZeroLevel.csproj", "{37020D8D-34E8-4EC3-A447-8396D5080457}"
EndProject
Project("{FAE04EC0-301F-11D3-BF4B-00C04F79EFBC}") = "ZeroLevel.Discovery", "ZeroLevel.Discovery\ZeroLevel.Discovery.csproj", "{4F55B23F-938C-4DA2-B6DC-B6BC66D36073}"
EndProject
Global
	GlobalSection(SolutionConfigurationPlatforms) = preSolution
		Debug|Any CPU = Debug|Any CPU
		Debug|x64 = Debug|x64
		Debug|x86 = Debug|x86
		Release|Any CPU = Release|Any CPU
		Release|x64 = Release|x64
		Release|x86 = Release|x86
	EndGlobalSection
	GlobalSection(ProjectConfigurationPlatforms) = postSolution
		{37020D8D-34E8-4EC3-A447-8396D5080457}.Debug|Any CPU.ActiveCfg = Debug|Any CPU
		{37020D8D-34E8-4EC3-A447-8396D5080457}.Debug|Any CPU.Build.0 = Debug|Any CPU
		{37020D8D-34E8-4EC3-A447-8396D5080457}.Debug|x64.ActiveCfg = Debug|Any CPU
		{37020D8D-34E8-4EC3-A447-8396D5080457}.Debug|x64.Build.0 = Debug|Any CPU
		{37020D8D-34E8-4EC3-A447-8396D5080457}.Debug|x86.ActiveCfg = Debug|Any CPU
		{37020D8D-34E8-4EC3-A447-8396D5080457}.Debug|x86.Build.0 = Debug|Any CPU
		{37020D8D-34E8-4EC3-A447-8396D5080457}.Release|Any CPU.ActiveCfg = Release|Any CPU
		{37020D8D-34E8-4EC3-A447-8396D5080457}.Release|Any CPU.Build.0 = Release|Any CPU
		{37020D8D-34E8-4EC3-A447-8396D5080457}.Release|x64.ActiveCfg = Release|Any CPU
		{37020D8D-34E8-4EC3-A447-8396D5080457}.Release|x64.Build.0 = Release|Any CPU
		{37020D8D-34E8-4EC3-A447-8396D5080457}.Release|x86.ActiveCfg = Release|Any CPU
		{37020D8D-34E8-4EC3-A447-8396D5080457}.Release|x86.Build.0 = Release|Any CPU
		{4F55B23F-938C-4DA2-B6DC-B6BC66D36073}.Debug|Any CPU.ActiveCfg = Debug|Any CPU
		{4F55B23F-938C-4DA2-B6DC-B6BC66D36073}.Debug|Any CPU.Build.0 = Debug|Any CPU
		{4F55B23F-938C-4DA2-B6DC-B6BC66D36073}.Debug|x64.ActiveCfg = Debug|Any CPU
		{4F55B23F-938C-4DA2-B6DC-B6BC66D36073}.Debug|x64.Build.0 = Debug|Any CPU
		{4F55B23F-938C-4DA2-B6DC-B6BC66D36073}.Debug|x86.ActiveCfg = Debug|Any CPU
		{4F55B23F-938C-4DA2-B6DC-B6BC66D36073}.Debug|x86.Build.0 = Debug|Any CPU
		{4F55B23F-938C-4DA2-B6DC-B6BC66D36073}.Release|Any CPU.ActiveCfg = Release|Any CPU
		{4F55B23F-938C-4DA2-B6DC-B6BC66D36073}.Release|Any CPU.Build.0 = Release|Any CPU
		{4F55B23F-938C-4DA2-B6DC-B6BC66D36073}.Release|x64.ActiveCfg = Release|Any CPU
		{4F55B23F-938C-4DA2-B6DC-B6BC66D36073}.Release|x64.Build.0 = Release|Any CPU
		{4F55B23F-938C-4DA2-B6DC-B6BC66D36073}.Release|x86.ActiveCfg = Release|Any CPU
		{4F55B23F-938C-4DA2-B6DC-B6BC66D36073}.Release|x86.Build.0 = Release|Any CPU
	EndGlobalSection
	GlobalSection(SolutionProperties) = preSolution
		HideSolutionNode = FALSE
	EndGlobalSection
	GlobalSection(ExtensibilityGlobals) = postSolution
		SolutionGuid = {0081B29F-FCF8-45FA-A5DF-732CD3ED2E11}
	EndGlobalSection
EndGlobal
