
Microsoft Visual Studio Solution File, Format Version 12.00
# Visual Studio Version 17
VisualStudioVersion = 17.0.32014.148
MinimumVisualStudioVersion = 10.0.40219.1
Project("{9A19103F-16F7-4668-BE54-9A1E7A4F7556}") = "ZeroLevel", "ZeroLevel\ZeroLevel.csproj", "{06C9E60E-D449-41A7-9BF0-A829AAF5D214}"
EndProject
Project("{9A19103F-16F7-4668-BE54-9A1E7A4F7556}") = "ZeroLevel.Discovery", "ZeroLevel.Discovery\ZeroLevel.Discovery.csproj", "{5CE51CC9-7884-4E21-9D68-2321CA14312E}"
EndProject
Project("{2150E333-8FDC-42A3-9474-1A3956D46DE8}") = "FileTransferTest", "FileTransferTest", "{FC074553-5D9F-4DF1-9130-7092E37DE768}"
EndProject
Project("{2150E333-8FDC-42A3-9474-1A3956D46DE8}") = "TestPipeLine", "TestPipeLine", "{03ACF314-93FC-46FE-9FB8-3F46A01A5A15}"
EndProject
Project("{9A19103F-16F7-4668-BE54-9A1E7A4F7556}") = "ZeroLevel.SQL", "ZeroLevel.SQL\ZeroLevel.SQL.csproj", "{D25EC1F0-3BD2-409C-8A01-8C8339D5835C}"
EndProject
Project("{9A19103F-16F7-4668-BE54-9A1E7A4F7556}") = "ZeroLevel.Logger", "ZeroLevel.Logger\ZeroLevel.Logger.csproj", "{D1C061DB-3565-43C3-B8F3-628DE4908750}"
EndProject
Project("{2150E333-8FDC-42A3-9474-1A3956D46DE8}") = "WPFExamples", "WPFExamples", "{7CCA0125-7A96-48FA-9F0D-BCF7EAD8FF9D}"
	ProjectSection(SolutionItems) = preProject
		WPFExamples\Controls\AlignableWrapPanel.cs = WPFExamples\Controls\AlignableWrapPanel.cs
		WPFExamples\Convertors\BaseConvertor.cs = WPFExamples\Convertors\BaseConvertor.cs
		WPFExamples\BaseViewModel.cs = WPFExamples\BaseViewModel.cs
		WPFExamples\Helpers\BitmapSourceHelper.cs = WPFExamples\Helpers\BitmapSourceHelper.cs
		WPFExamples\Convertors\BooleanAndConverter.cs = WPFExamples\Convertors\BooleanAndConverter.cs
		WPFExamples\Convertors\BoolToVisibilityConverter.cs = WPFExamples\Convertors\BoolToVisibilityConverter.cs
		WPFExamples\Controls\ControlUnlocker.cs = WPFExamples\Controls\ControlUnlocker.cs
		WPFExamples\Behaviours\ListBoxAutoScrollBehavior.cs = WPFExamples\Behaviours\ListBoxAutoScrollBehavior.cs
		WPFExamples\RelayCommand.cs = WPFExamples\RelayCommand.cs
		WPFExamples\Controls\VirtualToggleButton.cs = WPFExamples\Controls\VirtualToggleButton.cs
	EndProjectSection
EndProject
Project("{2150E333-8FDC-42A3-9474-1A3956D46DE8}") = "ConnectionTest", "ConnectionTest", "{D5207A5A-2F27-4992-9BA5-0BDCFC59F133}"
EndProject
Project("{9A19103F-16F7-4668-BE54-9A1E7A4F7556}") = "ZeroLevel.HNSW", "ZeroLevel.HNSW\ZeroLevel.HNSW.csproj", "{1EAC0A2C-B00F-4353-94D3-3BB4DC5C92AE}"
EndProject
Project("{9A19103F-16F7-4668-BE54-9A1E7A4F7556}") = "ZeroNetworkMonitor", "ZeroNetworkMonitor\ZeroNetworkMonitor.csproj", "{B89249F8-BD37-4AF7-9BB5-65855FA3B3FA}"
EndProject
Project("{9A19103F-16F7-4668-BE54-9A1E7A4F7556}") = "ZeroLevel.NN", "ZeroLevel.NN\ZeroLevel.NN.csproj", "{C67E5F2E-B62E-441D-99F5-8ECA6CECE804}"
EndProject
Project("{2150E333-8FDC-42A3-9474-1A3956D46DE8}") = "Tests", "Tests", "{380C828E-55D0-488B-A95F-4EFD20597BF5}"
EndProject
Project("{9A19103F-16F7-4668-BE54-9A1E7A4F7556}") = "Consumer", "Tests\TestPipeLine\Consumer\Consumer.csproj", "{6C87E9EF-423F-47FC-BCFC-1A8E51336F02}"
EndProject
Project("{9A19103F-16F7-4668-BE54-9A1E7A4F7556}") = "Processor", "Tests\TestPipeLine\Processor\Processor.csproj", "{732B2E8E-26CC-4C55-9CA0-8988D716611F}"
EndProject
Project("{9A19103F-16F7-4668-BE54-9A1E7A4F7556}") = "Source", "Tests\TestPipeLine\Source\Source.csproj", "{AC563187-0B2B-49FD-B3E2-2A8B9431F964}"
EndProject
Project("{9A19103F-16F7-4668-BE54-9A1E7A4F7556}") = "Watcher", "Tests\TestPipeLine\Watcher\Watcher.csproj", "{4C2A50C3-1CBD-488E-9B7B-FB380086D8FD}"
EndProject
Project("{9A19103F-16F7-4668-BE54-9A1E7A4F7556}") = "FileTransferClient", "Tests\FileTransferTest\FileTransferClient\FileTransferClient.csproj", "{B2ADCA70-7A83-4035-9C75-19A9FD452E34}"
EndProject
Project("{9A19103F-16F7-4668-BE54-9A1E7A4F7556}") = "FileTransferServer", "Tests\FileTransferTest\FileTransferServer\FileTransferServer.csproj", "{EA61441D-3E95-40AD-88B8-B87FC09368BA}"
EndProject
Project("{9A19103F-16F7-4668-BE54-9A1E7A4F7556}") = "HNSWDemo", "Tests\HNSWDemo\HNSWDemo.csproj", "{EE3C3DFE-4D4C-4E94-9D12-2FE752ACC196}"
EndProject
Project("{9A19103F-16F7-4668-BE54-9A1E7A4F7556}") = "Client", "Tests\ConnectionTest\Client\Client.csproj", "{78668262-996C-4181-A0B7-C4C9C6E228CA}"
EndProject
Project("{9A19103F-16F7-4668-BE54-9A1E7A4F7556}") = "Server", "Tests\ConnectionTest\Server\Server.csproj", "{D8BA6763-B7DD-4D38-903C-73A985F13974}"
EndProject
Project("{9A19103F-16F7-4668-BE54-9A1E7A4F7556}") = "PartitionFileStorageTest", "Tests\PartitionFileStorageTest\PartitionFileStorageTest.csproj", "{9525DFC1-91F4-4B38-BDD0-7C46507C636F}"
EndProject
Project("{9A19103F-16F7-4668-BE54-9A1E7A4F7556}") = "TestApp", "Tests\TestApp\TestApp.csproj", "{3C6C5D02-93B7-4842-97C0-870B4B6AF5F5}"
EndProject
Project("{9A19103F-16F7-4668-BE54-9A1E7A4F7556}") = "ZeroLevel.UnitTests", "Tests\ZeroLevel.UnitTests\ZeroLevel.UnitTests.csproj", "{F73E2055-376A-4DC4-996E-E99009EC62D6}"
EndProject
Project("{FAE04EC0-301F-11D3-BF4B-00C04F79EFBC}") = "Qdrant.Test", "Tests\Qdrant.Test\Qdrant.Test.csproj", "{F7F16D4D-2B0F-4332-B2D1-872B4B6D9B30}"
EndProject
Project("{FAE04EC0-301F-11D3-BF4B-00C04F79EFBC}") = "ZeroLevel.Qdrant.GrpcClient", "ZeroLevel.Qdrant.GrpcClient\ZeroLevel.Qdrant.GrpcClient.csproj", "{C5AB3481-2421-4503-9B7A-F5028B0D16F8}"
EndProject
Global
	GlobalSection(SolutionConfigurationPlatforms) = preSolution
		Debug|Any CPU = Debug|Any CPU
		Debug|x64 = Debug|x64
		Debug|x86 = Debug|x86
		Release|Any CPU = Release|Any CPU
		Release|x64 = Release|x64
		Release|x86 = Release|x86
	EndGlobalSection
	GlobalSection(ProjectConfigurationPlatforms) = postSolution
		{06C9E60E-D449-41A7-9BF0-A829AAF5D214}.Debug|Any CPU.ActiveCfg = Debug|Any CPU
		{06C9E60E-D449-41A7-9BF0-A829AAF5D214}.Debug|Any CPU.Build.0 = Debug|Any CPU
		{06C9E60E-D449-41A7-9BF0-A829AAF5D214}.Debug|x64.ActiveCfg = Debug|x64
		{06C9E60E-D449-41A7-9BF0-A829AAF5D214}.Debug|x64.Build.0 = Debug|x64
		{06C9E60E-D449-41A7-9BF0-A829AAF5D214}.Debug|x86.ActiveCfg = Debug|x86
		{06C9E60E-D449-41A7-9BF0-A829AAF5D214}.Debug|x86.Build.0 = Debug|x86
		{06C9E60E-D449-41A7-9BF0-A829AAF5D214}.Release|Any CPU.ActiveCfg = Release|Any CPU
		{06C9E60E-D449-41A7-9BF0-A829AAF5D214}.Release|Any CPU.Build.0 = Release|Any CPU
		{06C9E60E-D449-41A7-9BF0-A829AAF5D214}.Release|x64.ActiveCfg = Release|x64
		{06C9E60E-D449-41A7-9BF0-A829AAF5D214}.Release|x64.Build.0 = Release|x64
		{06C9E60E-D449-41A7-9BF0-A829AAF5D214}.Release|x86.ActiveCfg = Release|x86
		{06C9E60E-D449-41A7-9BF0-A829AAF5D214}.Release|x86.Build.0 = Release|x86
		{5CE51CC9-7884-4E21-9D68-2321CA14312E}.Debug|Any CPU.ActiveCfg = Debug|Any CPU
		{5CE51CC9-7884-4E21-9D68-2321CA14312E}.Debug|Any CPU.Build.0 = Debug|Any CPU
		{5CE51CC9-7884-4E21-9D68-2321CA14312E}.Debug|x64.ActiveCfg = Debug|x64
		{5CE51CC9-7884-4E21-9D68-2321CA14312E}.Debug|x64.Build.0 = Debug|x64
		{5CE51CC9-7884-4E21-9D68-2321CA14312E}.Debug|x86.ActiveCfg = Debug|x86
		{5CE51CC9-7884-4E21-9D68-2321CA14312E}.Debug|x86.Build.0 = Debug|x86
		{5CE51CC9-7884-4E21-9D68-2321CA14312E}.Release|Any CPU.ActiveCfg = Release|Any CPU
		{5CE51CC9-7884-4E21-9D68-2321CA14312E}.Release|Any CPU.Build.0 = Release|Any CPU
		{5CE51CC9-7884-4E21-9D68-2321CA14312E}.Release|x64.ActiveCfg = Release|x64
		{5CE51CC9-7884-4E21-9D68-2321CA14312E}.Release|x64.Build.0 = Release|x64
		{5CE51CC9-7884-4E21-9D68-2321CA14312E}.Release|x86.ActiveCfg = Release|x86
		{5CE51CC9-7884-4E21-9D68-2321CA14312E}.Release|x86.Build.0 = Release|x86
		{D25EC1F0-3BD2-409C-8A01-8C8339D5835C}.Debug|Any CPU.ActiveCfg = Debug|Any CPU
		{D25EC1F0-3BD2-409C-8A01-8C8339D5835C}.Debug|Any CPU.Build.0 = Debug|Any CPU
		{D25EC1F0-3BD2-409C-8A01-8C8339D5835C}.Debug|x64.ActiveCfg = Debug|x64
		{D25EC1F0-3BD2-409C-8A01-8C8339D5835C}.Debug|x64.Build.0 = Debug|x64
		{D25EC1F0-3BD2-409C-8A01-8C8339D5835C}.Debug|x86.ActiveCfg = Debug|x86
		{D25EC1F0-3BD2-409C-8A01-8C8339D5835C}.Debug|x86.Build.0 = Debug|x86
		{D25EC1F0-3BD2-409C-8A01-8C8339D5835C}.Release|Any CPU.ActiveCfg = Release|Any CPU
		{D25EC1F0-3BD2-409C-8A01-8C8339D5835C}.Release|Any CPU.Build.0 = Release|Any CPU
		{D25EC1F0-3BD2-409C-8A01-8C8339D5835C}.Release|x64.ActiveCfg = Release|x64
		{D25EC1F0-3BD2-409C-8A01-8C8339D5835C}.Release|x64.Build.0 = Release|x64
		{D25EC1F0-3BD2-409C-8A01-8C8339D5835C}.Release|x86.ActiveCfg = Release|x86
		{D25EC1F0-3BD2-409C-8A01-8C8339D5835C}.Release|x86.Build.0 = Release|x86
		{D1C061DB-3565-43C3-B8F3-628DE4908750}.Debug|Any CPU.ActiveCfg = Debug|Any CPU
		{D1C061DB-3565-43C3-B8F3-628DE4908750}.Debug|Any CPU.Build.0 = Debug|Any CPU
		{D1C061DB-3565-43C3-B8F3-628DE4908750}.Debug|x64.ActiveCfg = Debug|x64
		{D1C061DB-3565-43C3-B8F3-628DE4908750}.Debug|x64.Build.0 = Debug|x64
		{D1C061DB-3565-43C3-B8F3-628DE4908750}.Debug|x86.ActiveCfg = Debug|x86
		{D1C061DB-3565-43C3-B8F3-628DE4908750}.Debug|x86.Build.0 = Debug|x86
		{D1C061DB-3565-43C3-B8F3-628DE4908750}.Release|Any CPU.ActiveCfg = Release|Any CPU
		{D1C061DB-3565-43C3-B8F3-628DE4908750}.Release|Any CPU.Build.0 = Release|Any CPU
		{D1C061DB-3565-43C3-B8F3-628DE4908750}.Release|x64.ActiveCfg = Release|x64
		{D1C061DB-3565-43C3-B8F3-628DE4908750}.Release|x64.Build.0 = Release|x64
		{D1C061DB-3565-43C3-B8F3-628DE4908750}.Release|x86.ActiveCfg = Release|x86
		{D1C061DB-3565-43C3-B8F3-628DE4908750}.Release|x86.Build.0 = Release|x86
		{1EAC0A2C-B00F-4353-94D3-3BB4DC5C92AE}.Debug|Any CPU.ActiveCfg = Debug|Any CPU
		{1EAC0A2C-B00F-4353-94D3-3BB4DC5C92AE}.Debug|Any CPU.Build.0 = Debug|Any CPU
		{1EAC0A2C-B00F-4353-94D3-3BB4DC5C92AE}.Debug|x64.ActiveCfg = Debug|x64
		{1EAC0A2C-B00F-4353-94D3-3BB4DC5C92AE}.Debug|x64.Build.0 = Debug|x64
		{1EAC0A2C-B00F-4353-94D3-3BB4DC5C92AE}.Debug|x86.ActiveCfg = Debug|Any CPU
		{1EAC0A2C-B00F-4353-94D3-3BB4DC5C92AE}.Debug|x86.Build.0 = Debug|Any CPU
		{1EAC0A2C-B00F-4353-94D3-3BB4DC5C92AE}.Release|Any CPU.ActiveCfg = Release|Any CPU
		{1EAC0A2C-B00F-4353-94D3-3BB4DC5C92AE}.Release|Any CPU.Build.0 = Release|Any CPU
		{1EAC0A2C-B00F-4353-94D3-3BB4DC5C92AE}.Release|x64.ActiveCfg = Release|x64
		{1EAC0A2C-B00F-4353-94D3-3BB4DC5C92AE}.Release|x64.Build.0 = Release|x64
		{1EAC0A2C-B00F-4353-94D3-3BB4DC5C92AE}.Release|x86.ActiveCfg = Release|Any CPU
		{1EAC0A2C-B00F-4353-94D3-3BB4DC5C92AE}.Release|x86.Build.0 = Release|Any CPU
		{B89249F8-BD37-4AF7-9BB5-65855FA3B3FA}.Debug|Any CPU.ActiveCfg = Debug|Any CPU
		{B89249F8-BD37-4AF7-9BB5-65855FA3B3FA}.Debug|Any CPU.Build.0 = Debug|Any CPU
		{B89249F8-BD37-4AF7-9BB5-65855FA3B3FA}.Debug|x64.ActiveCfg = Debug|x64
		{B89249F8-BD37-4AF7-9BB5-65855FA3B3FA}.Debug|x64.Build.0 = Debug|x64
		{B89249F8-BD37-4AF7-9BB5-65855FA3B3FA}.Debug|x86.ActiveCfg = Debug|Any CPU
		{B89249F8-BD37-4AF7-9BB5-65855FA3B3FA}.Debug|x86.Build.0 = Debug|Any CPU
		{B89249F8-BD37-4AF7-9BB5-65855FA3B3FA}.Release|Any CPU.ActiveCfg = Release|Any CPU
		{B89249F8-BD37-4AF7-9BB5-65855FA3B3FA}.Release|Any CPU.Build.0 = Release|Any CPU
		{B89249F8-BD37-4AF7-9BB5-65855FA3B3FA}.Release|x64.ActiveCfg = Release|x64
		{B89249F8-BD37-4AF7-9BB5-65855FA3B3FA}.Release|x64.Build.0 = Release|x64
		{B89249F8-BD37-4AF7-9BB5-65855FA3B3FA}.Release|x86.ActiveCfg = Release|Any CPU
		{B89249F8-BD37-4AF7-9BB5-65855FA3B3FA}.Release|x86.Build.0 = Release|Any CPU
		{C67E5F2E-B62E-441D-99F5-8ECA6CECE804}.Debug|Any CPU.ActiveCfg = Debug|Any CPU
		{C67E5F2E-B62E-441D-99F5-8ECA6CECE804}.Debug|Any CPU.Build.0 = Debug|Any CPU
		{C67E5F2E-B62E-441D-99F5-8ECA6CECE804}.Debug|x64.ActiveCfg = Debug|Any CPU
		{C67E5F2E-B62E-441D-99F5-8ECA6CECE804}.Debug|x64.Build.0 = Debug|Any CPU
		{C67E5F2E-B62E-441D-99F5-8ECA6CECE804}.Debug|x86.ActiveCfg = Debug|Any CPU
		{C67E5F2E-B62E-441D-99F5-8ECA6CECE804}.Debug|x86.Build.0 = Debug|Any CPU
		{C67E5F2E-B62E-441D-99F5-8ECA6CECE804}.Release|Any CPU.ActiveCfg = Release|Any CPU
		{C67E5F2E-B62E-441D-99F5-8ECA6CECE804}.Release|Any CPU.Build.0 = Release|Any CPU
		{C67E5F2E-B62E-441D-99F5-8ECA6CECE804}.Release|x64.ActiveCfg = Release|Any CPU
		{C67E5F2E-B62E-441D-99F5-8ECA6CECE804}.Release|x64.Build.0 = Release|Any CPU
		{C67E5F2E-B62E-441D-99F5-8ECA6CECE804}.Release|x86.ActiveCfg = Release|Any CPU
		{C67E5F2E-B62E-441D-99F5-8ECA6CECE804}.Release|x86.Build.0 = Release|Any CPU
		{6C87E9EF-423F-47FC-BCFC-1A8E51336F02}.Debug|Any CPU.ActiveCfg = Debug|Any CPU
		{6C87E9EF-423F-47FC-BCFC-1A8E51336F02}.Debug|Any CPU.Build.0 = Debug|Any CPU
		{6C87E9EF-423F-47FC-BCFC-1A8E51336F02}.Debug|x64.ActiveCfg = Debug|x64
		{6C87E9EF-423F-47FC-BCFC-1A8E51336F02}.Debug|x64.Build.0 = Debug|x64
		{6C87E9EF-423F-47FC-BCFC-1A8E51336F02}.Debug|x86.ActiveCfg = Debug|Any CPU
		{6C87E9EF-423F-47FC-BCFC-1A8E51336F02}.Debug|x86.Build.0 = Debug|Any CPU
		{6C87E9EF-423F-47FC-BCFC-1A8E51336F02}.Release|Any CPU.ActiveCfg = Release|Any CPU
		{6C87E9EF-423F-47FC-BCFC-1A8E51336F02}.Release|Any CPU.Build.0 = Release|Any CPU
		{6C87E9EF-423F-47FC-BCFC-1A8E51336F02}.Release|x64.ActiveCfg = Release|x64
		{6C87E9EF-423F-47FC-BCFC-1A8E51336F02}.Release|x64.Build.0 = Release|x64
		{6C87E9EF-423F-47FC-BCFC-1A8E51336F02}.Release|x86.ActiveCfg = Release|Any CPU
		{6C87E9EF-423F-47FC-BCFC-1A8E51336F02}.Release|x86.Build.0 = Release|Any CPU
		{732B2E8E-26CC-4C55-9CA0-8988D716611F}.Debug|Any CPU.ActiveCfg = Debug|Any CPU
		{732B2E8E-26CC-4C55-9CA0-8988D716611F}.Debug|Any CPU.Build.0 = Debug|Any CPU
		{732B2E8E-26CC-4C55-9CA0-8988D716611F}.Debug|x64.ActiveCfg = Debug|x64
		{732B2E8E-26CC-4C55-9CA0-8988D716611F}.Debug|x64.Build.0 = Debug|x64
		{732B2E8E-26CC-4C55-9CA0-8988D716611F}.Debug|x86.ActiveCfg = Debug|Any CPU
		{732B2E8E-26CC-4C55-9CA0-8988D716611F}.Debug|x86.Build.0 = Debug|Any CPU
		{732B2E8E-26CC-4C55-9CA0-8988D716611F}.Release|Any CPU.ActiveCfg = Release|Any CPU
		{732B2E8E-26CC-4C55-9CA0-8988D716611F}.Release|Any CPU.Build.0 = Release|Any CPU
		{732B2E8E-26CC-4C55-9CA0-8988D716611F}.Release|x64.ActiveCfg = Release|x64
		{732B2E8E-26CC-4C55-9CA0-8988D716611F}.Release|x64.Build.0 = Release|x64
		{732B2E8E-26CC-4C55-9CA0-8988D716611F}.Release|x86.ActiveCfg = Release|Any CPU
		{732B2E8E-26CC-4C55-9CA0-8988D716611F}.Release|x86.Build.0 = Release|Any CPU
		{AC563187-0B2B-49FD-B3E2-2A8B9431F964}.Debug|Any CPU.ActiveCfg = Debug|Any CPU
		{AC563187-0B2B-49FD-B3E2-2A8B9431F964}.Debug|Any CPU.Build.0 = Debug|Any CPU
		{AC563187-0B2B-49FD-B3E2-2A8B9431F964}.Debug|x64.ActiveCfg = Debug|x64
		{AC563187-0B2B-49FD-B3E2-2A8B9431F964}.Debug|x64.Build.0 = Debug|x64
		{AC563187-0B2B-49FD-B3E2-2A8B9431F964}.Debug|x86.ActiveCfg = Debug|Any CPU
		{AC563187-0B2B-49FD-B3E2-2A8B9431F964}.Debug|x86.Build.0 = Debug|Any CPU
		{AC563187-0B2B-49FD-B3E2-2A8B9431F964}.Release|Any CPU.ActiveCfg = Release|Any CPU
		{AC563187-0B2B-49FD-B3E2-2A8B9431F964}.Release|Any CPU.Build.0 = Release|Any CPU
		{AC563187-0B2B-49FD-B3E2-2A8B9431F964}.Release|x64.ActiveCfg = Release|x64
		{AC563187-0B2B-49FD-B3E2-2A8B9431F964}.Release|x64.Build.0 = Release|x64
		{AC563187-0B2B-49FD-B3E2-2A8B9431F964}.Release|x86.ActiveCfg = Release|Any CPU
		{AC563187-0B2B-49FD-B3E2-2A8B9431F964}.Release|x86.Build.0 = Release|Any CPU
		{4C2A50C3-1CBD-488E-9B7B-FB380086D8FD}.Debug|Any CPU.ActiveCfg = Debug|Any CPU
		{4C2A50C3-1CBD-488E-9B7B-FB380086D8FD}.Debug|Any CPU.Build.0 = Debug|Any CPU
		{4C2A50C3-1CBD-488E-9B7B-FB380086D8FD}.Debug|x64.ActiveCfg = Debug|x64
		{4C2A50C3-1CBD-488E-9B7B-FB380086D8FD}.Debug|x64.Build.0 = Debug|x64
		{4C2A50C3-1CBD-488E-9B7B-FB380086D8FD}.Debug|x86.ActiveCfg = Debug|Any CPU
		{4C2A50C3-1CBD-488E-9B7B-FB380086D8FD}.Debug|x86.Build.0 = Debug|Any CPU
		{4C2A50C3-1CBD-488E-9B7B-FB380086D8FD}.Release|Any CPU.ActiveCfg = Release|Any CPU
		{4C2A50C3-1CBD-488E-9B7B-FB380086D8FD}.Release|Any CPU.Build.0 = Release|Any CPU
		{4C2A50C3-1CBD-488E-9B7B-FB380086D8FD}.Release|x64.ActiveCfg = Release|x64
		{4C2A50C3-1CBD-488E-9B7B-FB380086D8FD}.Release|x64.Build.0 = Release|x64
		{4C2A50C3-1CBD-488E-9B7B-FB380086D8FD}.Release|x86.ActiveCfg = Release|Any CPU
		{4C2A50C3-1CBD-488E-9B7B-FB380086D8FD}.Release|x86.Build.0 = Release|Any CPU
		{B2ADCA70-7A83-4035-9C75-19A9FD452E34}.Debug|Any CPU.ActiveCfg = Debug|Any CPU
		{B2ADCA70-7A83-4035-9C75-19A9FD452E34}.Debug|Any CPU.Build.0 = Debug|Any CPU
		{B2ADCA70-7A83-4035-9C75-19A9FD452E34}.Debug|x64.ActiveCfg = Debug|x64
		{B2ADCA70-7A83-4035-9C75-19A9FD452E34}.Debug|x64.Build.0 = Debug|x64
		{B2ADCA70-7A83-4035-9C75-19A9FD452E34}.Debug|x86.ActiveCfg = Debug|Any CPU
		{B2ADCA70-7A83-4035-9C75-19A9FD452E34}.Debug|x86.Build.0 = Debug|Any CPU
		{B2ADCA70-7A83-4035-9C75-19A9FD452E34}.Release|Any CPU.ActiveCfg = Release|Any CPU
		{B2ADCA70-7A83-4035-9C75-19A9FD452E34}.Release|Any CPU.Build.0 = Release|Any CPU
		{B2ADCA70-7A83-4035-9C75-19A9FD452E34}.Release|x64.ActiveCfg = Release|x64
		{B2ADCA70-7A83-4035-9C75-19A9FD452E34}.Release|x64.Build.0 = Release|x64
		{B2ADCA70-7A83-4035-9C75-19A9FD452E34}.Release|x86.ActiveCfg = Release|Any CPU
		{B2ADCA70-7A83-4035-9C75-19A9FD452E34}.Release|x86.Build.0 = Release|Any CPU
		{EA61441D-3E95-40AD-88B8-B87FC09368BA}.Debug|Any CPU.ActiveCfg = Debug|Any CPU
		{EA61441D-3E95-40AD-88B8-B87FC09368BA}.Debug|Any CPU.Build.0 = Debug|Any CPU
		{EA61441D-3E95-40AD-88B8-B87FC09368BA}.Debug|x64.ActiveCfg = Debug|x64
		{EA61441D-3E95-40AD-88B8-B87FC09368BA}.Debug|x64.Build.0 = Debug|x64
		{EA61441D-3E95-40AD-88B8-B87FC09368BA}.Debug|x86.ActiveCfg = Debug|Any CPU
		{EA61441D-3E95-40AD-88B8-B87FC09368BA}.Debug|x86.Build.0 = Debug|Any CPU
		{EA61441D-3E95-40AD-88B8-B87FC09368BA}.Release|Any CPU.ActiveCfg = Release|Any CPU
		{EA61441D-3E95-40AD-88B8-B87FC09368BA}.Release|Any CPU.Build.0 = Release|Any CPU
		{EA61441D-3E95-40AD-88B8-B87FC09368BA}.Release|x64.ActiveCfg = Release|x64
		{EA61441D-3E95-40AD-88B8-B87FC09368BA}.Release|x64.Build.0 = Release|x64
		{EA61441D-3E95-40AD-88B8-B87FC09368BA}.Release|x86.ActiveCfg = Release|Any CPU
		{EA61441D-3E95-40AD-88B8-B87FC09368BA}.Release|x86.Build.0 = Release|Any CPU
		{EE3C3DFE-4D4C-4E94-9D12-2FE752ACC196}.Debug|Any CPU.ActiveCfg = Debug|Any CPU
		{EE3C3DFE-4D4C-4E94-9D12-2FE752ACC196}.Debug|Any CPU.Build.0 = Debug|Any CPU
		{EE3C3DFE-4D4C-4E94-9D12-2FE752ACC196}.Debug|x64.ActiveCfg = Debug|x64
		{EE3C3DFE-4D4C-4E94-9D12-2FE752ACC196}.Debug|x64.Build.0 = Debug|x64
		{EE3C3DFE-4D4C-4E94-9D12-2FE752ACC196}.Debug|x86.ActiveCfg = Debug|Any CPU
		{EE3C3DFE-4D4C-4E94-9D12-2FE752ACC196}.Debug|x86.Build.0 = Debug|Any CPU
		{EE3C3DFE-4D4C-4E94-9D12-2FE752ACC196}.Release|Any CPU.ActiveCfg = Release|Any CPU
		{EE3C3DFE-4D4C-4E94-9D12-2FE752ACC196}.Release|Any CPU.Build.0 = Release|Any CPU
		{EE3C3DFE-4D4C-4E94-9D12-2FE752ACC196}.Release|x64.ActiveCfg = Release|x64
		{EE3C3DFE-4D4C-4E94-9D12-2FE752ACC196}.Release|x64.Build.0 = Release|x64
		{EE3C3DFE-4D4C-4E94-9D12-2FE752ACC196}.Release|x86.ActiveCfg = Release|Any CPU
		{EE3C3DFE-4D4C-4E94-9D12-2FE752ACC196}.Release|x86.Build.0 = Release|Any CPU
		{78668262-996C-4181-A0B7-C4C9C6E228CA}.Debug|Any CPU.ActiveCfg = Debug|Any CPU
		{78668262-996C-4181-A0B7-C4C9C6E228CA}.Debug|Any CPU.Build.0 = Debug|Any CPU
		{78668262-996C-4181-A0B7-C4C9C6E228CA}.Debug|x64.ActiveCfg = Debug|Any CPU
		{78668262-996C-4181-A0B7-C4C9C6E228CA}.Debug|x64.Build.0 = Debug|Any CPU
		{78668262-996C-4181-A0B7-C4C9C6E228CA}.Debug|x86.ActiveCfg = Debug|Any CPU
		{78668262-996C-4181-A0B7-C4C9C6E228CA}.Debug|x86.Build.0 = Debug|Any CPU
		{78668262-996C-4181-A0B7-C4C9C6E228CA}.Release|Any CPU.ActiveCfg = Release|Any CPU
		{78668262-996C-4181-A0B7-C4C9C6E228CA}.Release|Any CPU.Build.0 = Release|Any CPU
		{78668262-996C-4181-A0B7-C4C9C6E228CA}.Release|x64.ActiveCfg = Release|Any CPU
		{78668262-996C-4181-A0B7-C4C9C6E228CA}.Release|x64.Build.0 = Release|Any CPU
		{78668262-996C-4181-A0B7-C4C9C6E228CA}.Release|x86.ActiveCfg = Release|Any CPU
		{78668262-996C-4181-A0B7-C4C9C6E228CA}.Release|x86.Build.0 = Release|Any CPU
		{D8BA6763-B7DD-4D38-903C-73A985F13974}.Debug|Any CPU.ActiveCfg = Debug|Any CPU
		{D8BA6763-B7DD-4D38-903C-73A985F13974}.Debug|Any CPU.Build.0 = Debug|Any CPU
		{D8BA6763-B7DD-4D38-903C-73A985F13974}.Debug|x64.ActiveCfg = Debug|x64
		{D8BA6763-B7DD-4D38-903C-73A985F13974}.Debug|x64.Build.0 = Debug|x64
		{D8BA6763-B7DD-4D38-903C-73A985F13974}.Debug|x86.ActiveCfg = Debug|x86
		{D8BA6763-B7DD-4D38-903C-73A985F13974}.Debug|x86.Build.0 = Debug|x86
		{D8BA6763-B7DD-4D38-903C-73A985F13974}.Release|Any CPU.ActiveCfg = Release|Any CPU
		{D8BA6763-B7DD-4D38-903C-73A985F13974}.Release|Any CPU.Build.0 = Release|Any CPU
		{D8BA6763-B7DD-4D38-903C-73A985F13974}.Release|x64.ActiveCfg = Release|x64
		{D8BA6763-B7DD-4D38-903C-73A985F13974}.Release|x64.Build.0 = Release|x64
		{D8BA6763-B7DD-4D38-903C-73A985F13974}.Release|x86.ActiveCfg = Release|x86
		{D8BA6763-B7DD-4D38-903C-73A985F13974}.Release|x86.Build.0 = Release|x86
		{9525DFC1-91F4-4B38-BDD0-7C46507C636F}.Debug|Any CPU.ActiveCfg = Debug|Any CPU
		{9525DFC1-91F4-4B38-BDD0-7C46507C636F}.Debug|Any CPU.Build.0 = Debug|Any CPU
		{9525DFC1-91F4-4B38-BDD0-7C46507C636F}.Debug|x64.ActiveCfg = Debug|Any CPU
		{9525DFC1-91F4-4B38-BDD0-7C46507C636F}.Debug|x64.Build.0 = Debug|Any CPU
		{9525DFC1-91F4-4B38-BDD0-7C46507C636F}.Debug|x86.ActiveCfg = Debug|Any CPU
		{9525DFC1-91F4-4B38-BDD0-7C46507C636F}.Debug|x86.Build.0 = Debug|Any CPU
		{9525DFC1-91F4-4B38-BDD0-7C46507C636F}.Release|Any CPU.ActiveCfg = Release|Any CPU
		{9525DFC1-91F4-4B38-BDD0-7C46507C636F}.Release|Any CPU.Build.0 = Release|Any CPU
		{9525DFC1-91F4-4B38-BDD0-7C46507C636F}.Release|x64.ActiveCfg = Release|Any CPU
		{9525DFC1-91F4-4B38-BDD0-7C46507C636F}.Release|x64.Build.0 = Release|Any CPU
		{9525DFC1-91F4-4B38-BDD0-7C46507C636F}.Release|x86.ActiveCfg = Release|Any CPU
		{9525DFC1-91F4-4B38-BDD0-7C46507C636F}.Release|x86.Build.0 = Release|Any CPU
		{3C6C5D02-93B7-4842-97C0-870B4B6AF5F5}.Debug|Any CPU.ActiveCfg = Debug|Any CPU
		{3C6C5D02-93B7-4842-97C0-870B4B6AF5F5}.Debug|Any CPU.Build.0 = Debug|Any CPU
		{3C6C5D02-93B7-4842-97C0-870B4B6AF5F5}.Debug|x64.ActiveCfg = Debug|x64
		{3C6C5D02-93B7-4842-97C0-870B4B6AF5F5}.Debug|x64.Build.0 = Debug|x64
		{3C6C5D02-93B7-4842-97C0-870B4B6AF5F5}.Debug|x86.ActiveCfg = Debug|x86
		{3C6C5D02-93B7-4842-97C0-870B4B6AF5F5}.Debug|x86.Build.0 = Debug|x86
		{3C6C5D02-93B7-4842-97C0-870B4B6AF5F5}.Release|Any CPU.ActiveCfg = Release|Any CPU
		{3C6C5D02-93B7-4842-97C0-870B4B6AF5F5}.Release|Any CPU.Build.0 = Release|Any CPU
		{3C6C5D02-93B7-4842-97C0-870B4B6AF5F5}.Release|x64.ActiveCfg = Release|x64
		{3C6C5D02-93B7-4842-97C0-870B4B6AF5F5}.Release|x64.Build.0 = Release|x64
		{3C6C5D02-93B7-4842-97C0-870B4B6AF5F5}.Release|x86.ActiveCfg = Release|x86
		{3C6C5D02-93B7-4842-97C0-870B4B6AF5F5}.Release|x86.Build.0 = Release|x86
		{F73E2055-376A-4DC4-996E-E99009EC62D6}.Debug|Any CPU.ActiveCfg = Debug|Any CPU
		{F73E2055-376A-4DC4-996E-E99009EC62D6}.Debug|Any CPU.Build.0 = Debug|Any CPU
		{F73E2055-376A-4DC4-996E-E99009EC62D6}.Debug|x64.ActiveCfg = Debug|x64
		{F73E2055-376A-4DC4-996E-E99009EC62D6}.Debug|x64.Build.0 = Debug|x64
		{F73E2055-376A-4DC4-996E-E99009EC62D6}.Debug|x86.ActiveCfg = Debug|x86
		{F73E2055-376A-4DC4-996E-E99009EC62D6}.Debug|x86.Build.0 = Debug|x86
		{F73E2055-376A-4DC4-996E-E99009EC62D6}.Release|Any CPU.ActiveCfg = Release|Any CPU
		{F73E2055-376A-4DC4-996E-E99009EC62D6}.Release|Any CPU.Build.0 = Release|Any CPU
		{F73E2055-376A-4DC4-996E-E99009EC62D6}.Release|x64.ActiveCfg = Release|x64
		{F73E2055-376A-4DC4-996E-E99009EC62D6}.Release|x64.Build.0 = Release|x64
		{F73E2055-376A-4DC4-996E-E99009EC62D6}.Release|x86.ActiveCfg = Release|x86
		{F73E2055-376A-4DC4-996E-E99009EC62D6}.Release|x86.Build.0 = Release|x86
		{F7F16D4D-2B0F-4332-B2D1-872B4B6D9B30}.Debug|Any CPU.ActiveCfg = Debug|Any CPU
		{F7F16D4D-2B0F-4332-B2D1-872B4B6D9B30}.Debug|Any CPU.Build.0 = Debug|Any CPU
		{F7F16D4D-2B0F-4332-B2D1-872B4B6D9B30}.Debug|x64.ActiveCfg = Debug|Any CPU
		{F7F16D4D-2B0F-4332-B2D1-872B4B6D9B30}.Debug|x64.Build.0 = Debug|Any CPU
		{F7F16D4D-2B0F-4332-B2D1-872B4B6D9B30}.Debug|x86.ActiveCfg = Debug|Any CPU
		{F7F16D4D-2B0F-4332-B2D1-872B4B6D9B30}.Debug|x86.Build.0 = Debug|Any CPU
		{F7F16D4D-2B0F-4332-B2D1-872B4B6D9B30}.Release|Any CPU.ActiveCfg = Release|Any CPU
		{F7F16D4D-2B0F-4332-B2D1-872B4B6D9B30}.Release|Any CPU.Build.0 = Release|Any CPU
		{F7F16D4D-2B0F-4332-B2D1-872B4B6D9B30}.Release|x64.ActiveCfg = Release|Any CPU
		{F7F16D4D-2B0F-4332-B2D1-872B4B6D9B30}.Release|x64.Build.0 = Release|Any CPU
		{F7F16D4D-2B0F-4332-B2D1-872B4B6D9B30}.Release|x86.ActiveCfg = Release|Any CPU
		{F7F16D4D-2B0F-4332-B2D1-872B4B6D9B30}.Release|x86.Build.0 = Release|Any CPU
		{C5AB3481-2421-4503-9B7A-F5028B0D16F8}.Debug|Any CPU.ActiveCfg = Debug|Any CPU
		{C5AB3481-2421-4503-9B7A-F5028B0D16F8}.Debug|Any CPU.Build.0 = Debug|Any CPU
		{C5AB3481-2421-4503-9B7A-F5028B0D16F8}.Debug|x64.ActiveCfg = Debug|Any CPU
		{C5AB3481-2421-4503-9B7A-F5028B0D16F8}.Debug|x64.Build.0 = Debug|Any CPU
		{C5AB3481-2421-4503-9B7A-F5028B0D16F8}.Debug|x86.ActiveCfg = Debug|Any CPU
		{C5AB3481-2421-4503-9B7A-F5028B0D16F8}.Debug|x86.Build.0 = Debug|Any CPU
		{C5AB3481-2421-4503-9B7A-F5028B0D16F8}.Release|Any CPU.ActiveCfg = Release|Any CPU
		{C5AB3481-2421-4503-9B7A-F5028B0D16F8}.Release|Any CPU.Build.0 = Release|Any CPU
		{C5AB3481-2421-4503-9B7A-F5028B0D16F8}.Release|x64.ActiveCfg = Release|Any CPU
		{C5AB3481-2421-4503-9B7A-F5028B0D16F8}.Release|x64.Build.0 = Release|Any CPU
		{C5AB3481-2421-4503-9B7A-F5028B0D16F8}.Release|x86.ActiveCfg = Release|Any CPU
		{C5AB3481-2421-4503-9B7A-F5028B0D16F8}.Release|x86.Build.0 = Release|Any CPU
	EndGlobalSection
	GlobalSection(SolutionProperties) = preSolution
		HideSolutionNode = FALSE
	EndGlobalSection
	GlobalSection(NestedProjects) = preSolution
		{FC074553-5D9F-4DF1-9130-7092E37DE768} = {380C828E-55D0-488B-A95F-4EFD20597BF5}
		{03ACF314-93FC-46FE-9FB8-3F46A01A5A15} = {380C828E-55D0-488B-A95F-4EFD20597BF5}
		{D5207A5A-2F27-4992-9BA5-0BDCFC59F133} = {380C828E-55D0-488B-A95F-4EFD20597BF5}
		{6C87E9EF-423F-47FC-BCFC-1A8E51336F02} = {03ACF314-93FC-46FE-9FB8-3F46A01A5A15}
		{732B2E8E-26CC-4C55-9CA0-8988D716611F} = {03ACF314-93FC-46FE-9FB8-3F46A01A5A15}
		{AC563187-0B2B-49FD-B3E2-2A8B9431F964} = {03ACF314-93FC-46FE-9FB8-3F46A01A5A15}
		{4C2A50C3-1CBD-488E-9B7B-FB380086D8FD} = {03ACF314-93FC-46FE-9FB8-3F46A01A5A15}
		{B2ADCA70-7A83-4035-9C75-19A9FD452E34} = {FC074553-5D9F-4DF1-9130-7092E37DE768}
		{EA61441D-3E95-40AD-88B8-B87FC09368BA} = {FC074553-5D9F-4DF1-9130-7092E37DE768}
		{EE3C3DFE-4D4C-4E94-9D12-2FE752ACC196} = {380C828E-55D0-488B-A95F-4EFD20597BF5}
		{78668262-996C-4181-A0B7-C4C9C6E228CA} = {D5207A5A-2F27-4992-9BA5-0BDCFC59F133}
		{D8BA6763-B7DD-4D38-903C-73A985F13974} = {D5207A5A-2F27-4992-9BA5-0BDCFC59F133}
		{9525DFC1-91F4-4B38-BDD0-7C46507C636F} = {380C828E-55D0-488B-A95F-4EFD20597BF5}
		{3C6C5D02-93B7-4842-97C0-870B4B6AF5F5} = {380C828E-55D0-488B-A95F-4EFD20597BF5}
		{F73E2055-376A-4DC4-996E-E99009EC62D6} = {380C828E-55D0-488B-A95F-4EFD20597BF5}
		{F7F16D4D-2B0F-4332-B2D1-872B4B6D9B30} = {380C828E-55D0-488B-A95F-4EFD20597BF5}
	EndGlobalSection
	GlobalSection(ExtensibilityGlobals) = postSolution
		SolutionGuid = {A65DB16F-877D-4586-A9F3-8BBBFBAF5CEB}
	EndGlobalSection
EndGlobal
