
Microsoft Visual Studio Solution File, Format Version 12.00
# Visual Studio Version 16
VisualStudioVersion = 16.0.29709.97
MinimumVisualStudioVersion = 10.0.40219.1
Project("{9A19103F-16F7-4668-BE54-9A1E7A4F7556}") = "TFIDFbee", "TFIDFbee\TFIDFbee.csproj", "{7B39E0A1-3DE4-4702-8D61-5C9A6CF164C6}"
EndProject
Project("{9A19103F-16F7-4668-BE54-9A1E7A4F7556}") = "Lemmatization", "..\HoKeMs\Lemmatization\Lemmatization.csproj", "{BF9F7C1E-098B-4815-BA35-8A9845C66663}"
EndProject
Project("{9A19103F-16F7-4668-BE54-9A1E7A4F7556}") = "ZeroLevel", "..\..\GIT\Zero\ZeroLevel\ZeroLevel.csproj", "{5FF0C954-7FB8-49F4-9E97-9DCC933D45FF}"
EndProject
Global
	GlobalSection(SolutionConfigurationPlatforms) = preSolution
		Debug|Any CPU = Debug|Any CPU
		Debug|x64 = Debug|x64
		Release|Any CPU = Release|Any CPU
		Release|x64 = Release|x64
	EndGlobalSection
	GlobalSection(ProjectConfigurationPlatforms) = postSolution
		{7B39E0A1-3DE4-4702-8D61-5C9A6CF164C6}.Debug|Any CPU.ActiveCfg = Debug|Any CPU
		{7B39E0A1-3DE4-4702-8D61-5C9A6CF164C6}.Debug|Any CPU.Build.0 = Debug|Any CPU
		{7B39E0A1-3DE4-4702-8D61-5C9A6CF164C6}.Debug|x64.ActiveCfg = Debug|x64
		{7B39E0A1-3DE4-4702-8D61-5C9A6CF164C6}.Debug|x64.Build.0 = Debug|x64
		{7B39E0A1-3DE4-4702-8D61-5C9A6CF164C6}.Release|Any CPU.ActiveCfg = Release|Any CPU
		{7B39E0A1-3DE4-4702-8D61-5C9A6CF164C6}.Release|Any CPU.Build.0 = Release|Any CPU
		{7B39E0A1-3DE4-4702-8D61-5C9A6CF164C6}.Release|x64.ActiveCfg = Release|Any CPU
		{7B39E0A1-3DE4-4702-8D61-5C9A6CF164C6}.Release|x64.Build.0 = Release|Any CPU
		{BF9F7C1E-098B-4815-BA35-8A9845C66663}.Debug|Any CPU.ActiveCfg = Debug|Any CPU
		{BF9F7C1E-098B-4815-BA35-8A9845C66663}.Debug|Any CPU.Build.0 = Debug|Any CPU
		{BF9F7C1E-098B-4815-BA35-8A9845C66663}.Debug|x64.ActiveCfg = Debug|x64
		{BF9F7C1E-098B-4815-BA35-8A9845C66663}.Debug|x64.Build.0 = Debug|x64
		{BF9F7C1E-098B-4815-BA35-8A9845C66663}.Release|Any CPU.ActiveCfg = Release|Any CPU
		{BF9F7C1E-098B-4815-BA35-8A9845C66663}.Release|Any CPU.Build.0 = Release|Any CPU
		{BF9F7C1E-098B-4815-BA35-8A9845C66663}.Release|x64.ActiveCfg = Release|Any CPU
		{BF9F7C1E-098B-4815-BA35-8A9845C66663}.Release|x64.Build.0 = Release|Any CPU
		{5FF0C954-7FB8-49F4-9E97-9DCC933D45FF}.Debug|Any CPU.ActiveCfg = Debug|Any CPU
		{5FF0C954-7FB8-49F4-9E97-9DCC933D45FF}.Debug|Any CPU.Build.0 = Debug|Any CPU
		{5FF0C954-7FB8-49F4-9E97-9DCC933D45FF}.Debug|x64.ActiveCfg = Debug|x64
		{5FF0C954-7FB8-49F4-9E97-9DCC933D45FF}.Debug|x64.Build.0 = Debug|x64
		{5FF0C954-7FB8-49F4-9E97-9DCC933D45FF}.Release|Any CPU.ActiveCfg = Release|Any CPU
		{5FF0C954-7FB8-49F4-9E97-9DCC933D45FF}.Release|Any CPU.Build.0 = Release|Any CPU
		{5FF0C954-7FB8-49F4-9E97-9DCC933D45FF}.Release|x64.ActiveCfg = Release|x64
		{5FF0C954-7FB8-49F4-9E97-9DCC933D45FF}.Release|x64.Build.0 = Release|x64
	EndGlobalSection
	GlobalSection(SolutionProperties) = preSolution
		HideSolutionNode = FALSE
	EndGlobalSection
	GlobalSection(ExtensibilityGlobals) = postSolution
		SolutionGuid = {F440F94E-537A-44F4-9103-BD6C7BCAF6E3}
	EndGlobalSection
EndGlobal
