
Microsoft Visual Studio Solution File, Format Version 12.00
# Visual Studio 15
VisualStudioVersion = 15.0.28307.421
MinimumVisualStudioVersion = 10.0.40219.1
Project("{FAE04EC0-301F-11D3-BF4B-00C04F79EFBC}") = "Semantic.API", "Semantic.API.csproj", "{E17951D5-85F2-4FDA-B9FD-1116EA6CCB0A}"
EndProject
Project("{FAE04EC0-301F-11D3-BF4B-00C04F79EFBC}") = "LemmaSharp", "..\..\Vendors\LemmaGen\LemmaGen_v3.0_PrebuiltFull\LemmaSharp\LemmaSharp.csproj", "{A39293C1-92D8-47B9-93A4-41F443B4F9E4}"
EndProject
Project("{FAE04EC0-301F-11D3-BF4B-00C04F79EFBC}") = "LemmaSharpPrebuiltFull", "..\..\Vendors\LemmaGen\LemmaGen_v3.0_PrebuiltFull\LemmaSharpPrebuilt\LemmaSharpPrebuiltFull.csproj", "{D926B493-78B6-4FAB-A354-53869F664B5B}"
EndProject
Project("{FAE04EC0-301F-11D3-BF4B-00C04F79EFBC}") = "LemmaSharpPrebuilt", "..\..\Vendors\LemmaGen\LemmaGen_v3.0_PrebuiltFull\LemmaSharpPrebuilt\LemmaSharpPrebuilt.csproj", "{1E700D21-62D3-4525-93FE-C1FB0A1B0564}"
EndProject
Project("{FAE04EC0-301F-11D3-BF4B-00C04F79EFBC}") = "Test.Semantic.API.Proxy", "Test.Semantic.API.Proxy\Test.Semantic.API.Proxy.csproj", "{1FF0A134-65CB-4059-B93E-F7E34BBB53FE}"
EndProject
Project("{FAE04EC0-301F-11D3-BF4B-00C04F79EFBC}") = "Semantic.API.Proxy", "..\..\libraries\Semantic.API.Proxy\Semantic.API.Proxy.csproj", "{75305C4A-D132-4CEB-8381-583A50135415}"
EndProject
Global
	GlobalSection(SolutionConfigurationPlatforms) = preSolution
		Debug|Any CPU = Debug|Any CPU
		Debug|x64 = Debug|x64
		Debug|x86 = Debug|x86
		Release|Any CPU = Release|Any CPU
		Release|x64 = Release|x64
		Release|x86 = Release|x86
	EndGlobalSection
	GlobalSection(ProjectConfigurationPlatforms) = postSolution
		{E17951D5-85F2-4FDA-B9FD-1116EA6CCB0A}.Debug|Any CPU.ActiveCfg = Debug|Any CPU
		{E17951D5-85F2-4FDA-B9FD-1116EA6CCB0A}.Debug|Any CPU.Build.0 = Debug|Any CPU
		{E17951D5-85F2-4FDA-B9FD-1116EA6CCB0A}.Debug|x64.ActiveCfg = Debug|Any CPU
		{E17951D5-85F2-4FDA-B9FD-1116EA6CCB0A}.Debug|x64.Build.0 = Debug|Any CPU
		{E17951D5-85F2-4FDA-B9FD-1116EA6CCB0A}.Debug|x86.ActiveCfg = Debug|Any CPU
		{E17951D5-85F2-4FDA-B9FD-1116EA6CCB0A}.Debug|x86.Build.0 = Debug|Any CPU
		{E17951D5-85F2-4FDA-B9FD-1116EA6CCB0A}.Release|Any CPU.ActiveCfg = Release|Any CPU
		{E17951D5-85F2-4FDA-B9FD-1116EA6CCB0A}.Release|Any CPU.Build.0 = Release|Any CPU
		{E17951D5-85F2-4FDA-B9FD-1116EA6CCB0A}.Release|x64.ActiveCfg = Release|Any CPU
		{E17951D5-85F2-4FDA-B9FD-1116EA6CCB0A}.Release|x64.Build.0 = Release|Any CPU
		{E17951D5-85F2-4FDA-B9FD-1116EA6CCB0A}.Release|x86.ActiveCfg = Release|Any CPU
		{E17951D5-85F2-4FDA-B9FD-1116EA6CCB0A}.Release|x86.Build.0 = Release|Any CPU
		{A39293C1-92D8-47B9-93A4-41F443B4F9E4}.Debug|Any CPU.ActiveCfg = Debug|Any CPU
		{A39293C1-92D8-47B9-93A4-41F443B4F9E4}.Debug|Any CPU.Build.0 = Debug|Any CPU
		{A39293C1-92D8-47B9-93A4-41F443B4F9E4}.Debug|x64.ActiveCfg = Debug|x64
		{A39293C1-92D8-47B9-93A4-41F443B4F9E4}.Debug|x64.Build.0 = Debug|x64
		{A39293C1-92D8-47B9-93A4-41F443B4F9E4}.Debug|x86.ActiveCfg = Debug|x86
		{A39293C1-92D8-47B9-93A4-41F443B4F9E4}.Debug|x86.Build.0 = Debug|x86
		{A39293C1-92D8-47B9-93A4-41F443B4F9E4}.Release|Any CPU.ActiveCfg = Release|Any CPU
		{A39293C1-92D8-47B9-93A4-41F443B4F9E4}.Release|Any CPU.Build.0 = Release|Any CPU
		{A39293C1-92D8-47B9-93A4-41F443B4F9E4}.Release|x64.ActiveCfg = Release|x64
		{A39293C1-92D8-47B9-93A4-41F443B4F9E4}.Release|x64.Build.0 = Release|x64
		{A39293C1-92D8-47B9-93A4-41F443B4F9E4}.Release|x86.ActiveCfg = Release|x86
		{A39293C1-92D8-47B9-93A4-41F443B4F9E4}.Release|x86.Build.0 = Release|x86
		{D926B493-78B6-4FAB-A354-53869F664B5B}.Debug|Any CPU.ActiveCfg = Debug|Any CPU
		{D926B493-78B6-4FAB-A354-53869F664B5B}.Debug|Any CPU.Build.0 = Debug|Any CPU
		{D926B493-78B6-4FAB-A354-53869F664B5B}.Debug|x64.ActiveCfg = Debug|Any CPU
		{D926B493-78B6-4FAB-A354-53869F664B5B}.Debug|x64.Build.0 = Debug|Any CPU
		{D926B493-78B6-4FAB-A354-53869F664B5B}.Debug|x86.ActiveCfg = Debug|Any CPU
		{D926B493-78B6-4FAB-A354-53869F664B5B}.Debug|x86.Build.0 = Debug|Any CPU
		{D926B493-78B6-4FAB-A354-53869F664B5B}.Release|Any CPU.ActiveCfg = Release|Any CPU
		{D926B493-78B6-4FAB-A354-53869F664B5B}.Release|Any CPU.Build.0 = Release|Any CPU
		{D926B493-78B6-4FAB-A354-53869F664B5B}.Release|x64.ActiveCfg = Release|Any CPU
		{D926B493-78B6-4FAB-A354-53869F664B5B}.Release|x64.Build.0 = Release|Any CPU
		{D926B493-78B6-4FAB-A354-53869F664B5B}.Release|x86.ActiveCfg = Release|Any CPU
		{D926B493-78B6-4FAB-A354-53869F664B5B}.Release|x86.Build.0 = Release|Any CPU
		{1E700D21-62D3-4525-93FE-C1FB0A1B0564}.Debug|Any CPU.ActiveCfg = Debug|Any CPU
		{1E700D21-62D3-4525-93FE-C1FB0A1B0564}.Debug|Any CPU.Build.0 = Debug|Any CPU
		{1E700D21-62D3-4525-93FE-C1FB0A1B0564}.Debug|x64.ActiveCfg = Debug|x64
		{1E700D21-62D3-4525-93FE-C1FB0A1B0564}.Debug|x64.Build.0 = Debug|x64
		{1E700D21-62D3-4525-93FE-C1FB0A1B0564}.Debug|x86.ActiveCfg = Debug|x86
		{1E700D21-62D3-4525-93FE-C1FB0A1B0564}.Debug|x86.Build.0 = Debug|x86
		{1E700D21-62D3-4525-93FE-C1FB0A1B0564}.Release|Any CPU.ActiveCfg = Release|Any CPU
		{1E700D21-62D3-4525-93FE-C1FB0A1B0564}.Release|Any CPU.Build.0 = Release|Any CPU
		{1E700D21-62D3-4525-93FE-C1FB0A1B0564}.Release|x64.ActiveCfg = Release|x64
		{1E700D21-62D3-4525-93FE-C1FB0A1B0564}.Release|x64.Build.0 = Release|x64
		{1E700D21-62D3-4525-93FE-C1FB0A1B0564}.Release|x86.ActiveCfg = Release|x86
		{1E700D21-62D3-4525-93FE-C1FB0A1B0564}.Release|x86.Build.0 = Release|x86
		{1FF0A134-65CB-4059-B93E-F7E34BBB53FE}.Debug|Any CPU.ActiveCfg = Debug|Any CPU
		{1FF0A134-65CB-4059-B93E-F7E34BBB53FE}.Debug|Any CPU.Build.0 = Debug|Any CPU
		{1FF0A134-65CB-4059-B93E-F7E34BBB53FE}.Debug|x64.ActiveCfg = Debug|Any CPU
		{1FF0A134-65CB-4059-B93E-F7E34BBB53FE}.Debug|x64.Build.0 = Debug|Any CPU
		{1FF0A134-65CB-4059-B93E-F7E34BBB53FE}.Debug|x86.ActiveCfg = Debug|Any CPU
		{1FF0A134-65CB-4059-B93E-F7E34BBB53FE}.Debug|x86.Build.0 = Debug|Any CPU
		{1FF0A134-65CB-4059-B93E-F7E34BBB53FE}.Release|Any CPU.ActiveCfg = Release|Any CPU
		{1FF0A134-65CB-4059-B93E-F7E34BBB53FE}.Release|Any CPU.Build.0 = Release|Any CPU
		{1FF0A134-65CB-4059-B93E-F7E34BBB53FE}.Release|x64.ActiveCfg = Release|Any CPU
		{1FF0A134-65CB-4059-B93E-F7E34BBB53FE}.Release|x64.Build.0 = Release|Any CPU
		{1FF0A134-65CB-4059-B93E-F7E34BBB53FE}.Release|x86.ActiveCfg = Release|Any CPU
		{1FF0A134-65CB-4059-B93E-F7E34BBB53FE}.Release|x86.Build.0 = Release|Any CPU
		{75305C4A-D132-4CEB-8381-583A50135415}.Debug|Any CPU.ActiveCfg = Debug|Any CPU
		{75305C4A-D132-4CEB-8381-583A50135415}.Debug|Any CPU.Build.0 = Debug|Any CPU
		{75305C4A-D132-4CEB-8381-583A50135415}.Debug|x64.ActiveCfg = Debug|Any CPU
		{75305C4A-D132-4CEB-8381-583A50135415}.Debug|x64.Build.0 = Debug|Any CPU
		{75305C4A-D132-4CEB-8381-583A50135415}.Debug|x86.ActiveCfg = Debug|Any CPU
		{75305C4A-D132-4CEB-8381-583A50135415}.Debug|x86.Build.0 = Debug|Any CPU
		{75305C4A-D132-4CEB-8381-583A50135415}.Release|Any CPU.ActiveCfg = Release|Any CPU
		{75305C4A-D132-4CEB-8381-583A50135415}.Release|Any CPU.Build.0 = Release|Any CPU
		{75305C4A-D132-4CEB-8381-583A50135415}.Release|x64.ActiveCfg = Release|Any CPU
		{75305C4A-D132-4CEB-8381-583A50135415}.Release|x64.Build.0 = Release|Any CPU
		{75305C4A-D132-4CEB-8381-583A50135415}.Release|x86.ActiveCfg = Release|Any CPU
		{75305C4A-D132-4CEB-8381-583A50135415}.Release|x86.Build.0 = Release|Any CPU
	EndGlobalSection
	GlobalSection(SolutionProperties) = preSolution
		HideSolutionNode = FALSE
	EndGlobalSection
	GlobalSection(ExtensibilityGlobals) = postSolution
		SolutionGuid = {AE2538E5-3D6F-4CFE-8A87-1B1CDD09EC66}
	EndGlobalSection
EndGlobal
