
Microsoft Visual Studio Solution File, Format Version 12.00
# Visual Studio 15
VisualStudioVersion = 15.0.28307.329
MinimumVisualStudioVersion = 10.0.40219.1
Project("{FAE04EC0-301F-11D3-BF4B-00C04F79EFBC}") = "LemmaSharp", "Vendors\LemmaGen\LemmaGen_v3.0_PrebuiltFull\LemmaSharp\LemmaSharp.csproj", "{A39293C1-92D8-47B9-93A4-41F443B4F9E4}"
EndProject
Project("{FAE04EC0-301F-11D3-BF4B-00C04F79EFBC}") = "LemmaSharpPrebuilt", "Vendors\LemmaGen\LemmaGen_v3.0_PrebuiltFull\LemmaSharpPrebuilt\LemmaSharpPrebuilt.csproj", "{1E700D21-62D3-4525-93FE-C1FB0A1B0564}"
EndProject
Project("{FAE04EC0-301F-11D3-BF4B-00C04F79EFBC}") = "LemmaSharpPrebuiltFull", "Vendors\LemmaGen\LemmaGen_v3.0_PrebuiltFull\LemmaSharpPrebuilt\LemmaSharpPrebuiltFull.csproj", "{D926B493-78B6-4FAB-A354-53869F664B5B}"
EndProject
Project("{2150E333-8FDC-42A3-9474-1A3956D46DE8}") = "Infrastructure", "Infrastructure", "{E803B141-93AE-42BD-A068-4C95DD99C923}"
EndProject
Project("{FAE04EC0-301F-11D3-BF4B-00C04F79EFBC}") = "Semantic.API", "semantic\Semantic.API\Semantic.API.csproj", "{E17951D5-85F2-4FDA-B9FD-1116EA6CCB0A}"
EndProject
Project("{FAE04EC0-301F-11D3-BF4B-00C04F79EFBC}") = "Semantic.API.Proxy", "semantic\Semantic.API.Proxy\Semantic.API.Proxy.csproj", "{3413DF58-8BA9-4276-9C6D-6F67B527C9AF}"
EndProject
Project("{FAE04EC0-301F-11D3-BF4B-00C04F79EFBC}") = "Test.Semantic.API.Proxy", "semantic\Semantic.API\Test.Semantic.API.Proxy\Test.Semantic.API.Proxy.csproj", "{1FF0A134-65CB-4059-B93E-F7E34BBB53FE}"
EndProject
Global
	GlobalSection(SolutionConfigurationPlatforms) = preSolution
		Debug|Any CPU = Debug|Any CPU
		Debug|x64 = Debug|x64
		Debug|x86 = Debug|x86
		Release|Any CPU = Release|Any CPU
		Release|x64 = Release|x64
		Release|x86 = Release|x86
		WPFDevelop|Any CPU = WPFDevelop|Any CPU
		WPFDevelop|x64 = WPFDevelop|x64
		WPFDevelop|x86 = WPFDevelop|x86
	EndGlobalSection
	GlobalSection(ProjectConfigurationPlatforms) = postSolution
		{A39293C1-92D8-47B9-93A4-41F443B4F9E4}.Debug|Any CPU.ActiveCfg = Debug|Any CPU
		{A39293C1-92D8-47B9-93A4-41F443B4F9E4}.Debug|Any CPU.Build.0 = Debug|Any CPU
		{A39293C1-92D8-47B9-93A4-41F443B4F9E4}.Debug|x64.ActiveCfg = Debug|x64
		{A39293C1-92D8-47B9-93A4-41F443B4F9E4}.Debug|x64.Build.0 = Debug|x64
		{A39293C1-92D8-47B9-93A4-41F443B4F9E4}.Debug|x86.ActiveCfg = Debug|x86
		{A39293C1-92D8-47B9-93A4-41F443B4F9E4}.Debug|x86.Build.0 = Debug|x86
		{A39293C1-92D8-47B9-93A4-41F443B4F9E4}.Release|Any CPU.ActiveCfg = Release|Any CPU
		{A39293C1-92D8-47B9-93A4-41F443B4F9E4}.Release|Any CPU.Build.0 = Release|Any CPU
		{A39293C1-92D8-47B9-93A4-41F443B4F9E4}.Release|x64.ActiveCfg = Release|x64
		{A39293C1-92D8-47B9-93A4-41F443B4F9E4}.Release|x64.Build.0 = Release|x64
		{A39293C1-92D8-47B9-93A4-41F443B4F9E4}.Release|x86.ActiveCfg = Release|x86
		{A39293C1-92D8-47B9-93A4-41F443B4F9E4}.Release|x86.Build.0 = Release|x86
		{A39293C1-92D8-47B9-93A4-41F443B4F9E4}.WPFDevelop|Any CPU.ActiveCfg = WPFDevelop|Any CPU
		{A39293C1-92D8-47B9-93A4-41F443B4F9E4}.WPFDevelop|Any CPU.Build.0 = WPFDevelop|Any CPU
		{A39293C1-92D8-47B9-93A4-41F443B4F9E4}.WPFDevelop|x64.ActiveCfg = WPFDevelop|x64
		{A39293C1-92D8-47B9-93A4-41F443B4F9E4}.WPFDevelop|x64.Build.0 = WPFDevelop|x64
		{A39293C1-92D8-47B9-93A4-41F443B4F9E4}.WPFDevelop|x86.ActiveCfg = WPFDevelop|x86
		{A39293C1-92D8-47B9-93A4-41F443B4F9E4}.WPFDevelop|x86.Build.0 = WPFDevelop|x86
		{1E700D21-62D3-4525-93FE-C1FB0A1B0564}.Debug|Any CPU.ActiveCfg = Debug|Any CPU
		{1E700D21-62D3-4525-93FE-C1FB0A1B0564}.Debug|Any CPU.Build.0 = Debug|Any CPU
		{1E700D21-62D3-4525-93FE-C1FB0A1B0564}.Debug|x64.ActiveCfg = Debug|x64
		{1E700D21-62D3-4525-93FE-C1FB0A1B0564}.Debug|x64.Build.0 = Debug|x64
		{1E700D21-62D3-4525-93FE-C1FB0A1B0564}.Debug|x86.ActiveCfg = Debug|x86
		{1E700D21-62D3-4525-93FE-C1FB0A1B0564}.Debug|x86.Build.0 = Debug|x86
		{1E700D21-62D3-4525-93FE-C1FB0A1B0564}.Release|Any CPU.ActiveCfg = Release|Any CPU
		{1E700D21-62D3-4525-93FE-C1FB0A1B0564}.Release|Any CPU.Build.0 = Release|Any CPU
		{1E700D21-62D3-4525-93FE-C1FB0A1B0564}.Release|x64.ActiveCfg = Release|x64
		{1E700D21-62D3-4525-93FE-C1FB0A1B0564}.Release|x64.Build.0 = Release|x64
		{1E700D21-62D3-4525-93FE-C1FB0A1B0564}.Release|x86.ActiveCfg = Release|x86
		{1E700D21-62D3-4525-93FE-C1FB0A1B0564}.Release|x86.Build.0 = Release|x86
		{1E700D21-62D3-4525-93FE-C1FB0A1B0564}.WPFDevelop|Any CPU.ActiveCfg = WPFDevelop|Any CPU
		{1E700D21-62D3-4525-93FE-C1FB0A1B0564}.WPFDevelop|Any CPU.Build.0 = WPFDevelop|Any CPU
		{1E700D21-62D3-4525-93FE-C1FB0A1B0564}.WPFDevelop|x64.ActiveCfg = WPFDevelop|x64
		{1E700D21-62D3-4525-93FE-C1FB0A1B0564}.WPFDevelop|x64.Build.0 = WPFDevelop|x64
		{1E700D21-62D3-4525-93FE-C1FB0A1B0564}.WPFDevelop|x86.ActiveCfg = WPFDevelop|x86
		{1E700D21-62D3-4525-93FE-C1FB0A1B0564}.WPFDevelop|x86.Build.0 = WPFDevelop|x86
		{D926B493-78B6-4FAB-A354-53869F664B5B}.Debug|Any CPU.ActiveCfg = Debug|Any CPU
		{D926B493-78B6-4FAB-A354-53869F664B5B}.Debug|Any CPU.Build.0 = Debug|Any CPU
		{D926B493-78B6-4FAB-A354-53869F664B5B}.Debug|x64.ActiveCfg = Debug|x64
		{D926B493-78B6-4FAB-A354-53869F664B5B}.Debug|x64.Build.0 = Debug|x64
		{D926B493-78B6-4FAB-A354-53869F664B5B}.Debug|x86.ActiveCfg = Debug|x86
		{D926B493-78B6-4FAB-A354-53869F664B5B}.Debug|x86.Build.0 = Debug|x86
		{D926B493-78B6-4FAB-A354-53869F664B5B}.Release|Any CPU.ActiveCfg = Release|Any CPU
		{D926B493-78B6-4FAB-A354-53869F664B5B}.Release|Any CPU.Build.0 = Release|Any CPU
		{D926B493-78B6-4FAB-A354-53869F664B5B}.Release|x64.ActiveCfg = Release|x64
		{D926B493-78B6-4FAB-A354-53869F664B5B}.Release|x64.Build.0 = Release|x64
		{D926B493-78B6-4FAB-A354-53869F664B5B}.Release|x86.ActiveCfg = Release|x86
		{D926B493-78B6-4FAB-A354-53869F664B5B}.Release|x86.Build.0 = Release|x86
		{D926B493-78B6-4FAB-A354-53869F664B5B}.WPFDevelop|Any CPU.ActiveCfg = WPFDevelop|Any CPU
		{D926B493-78B6-4FAB-A354-53869F664B5B}.WPFDevelop|Any CPU.Build.0 = WPFDevelop|Any CPU
		{D926B493-78B6-4FAB-A354-53869F664B5B}.WPFDevelop|x64.ActiveCfg = WPFDevelop|x64
		{D926B493-78B6-4FAB-A354-53869F664B5B}.WPFDevelop|x64.Build.0 = WPFDevelop|x64
		{D926B493-78B6-4FAB-A354-53869F664B5B}.WPFDevelop|x86.ActiveCfg = WPFDevelop|x86
		{D926B493-78B6-4FAB-A354-53869F664B5B}.WPFDevelop|x86.Build.0 = WPFDevelop|x86
		{E17951D5-85F2-4FDA-B9FD-1116EA6CCB0A}.Debug|Any CPU.ActiveCfg = Debug|Any CPU
		{E17951D5-85F2-4FDA-B9FD-1116EA6CCB0A}.Debug|Any CPU.Build.0 = Debug|Any CPU
		{E17951D5-85F2-4FDA-B9FD-1116EA6CCB0A}.Debug|x64.ActiveCfg = Debug|x64
		{E17951D5-85F2-4FDA-B9FD-1116EA6CCB0A}.Debug|x64.Build.0 = Debug|x64
		{E17951D5-85F2-4FDA-B9FD-1116EA6CCB0A}.Debug|x86.ActiveCfg = Debug|Any CPU
		{E17951D5-85F2-4FDA-B9FD-1116EA6CCB0A}.Debug|x86.Build.0 = Debug|Any CPU
		{E17951D5-85F2-4FDA-B9FD-1116EA6CCB0A}.Release|Any CPU.ActiveCfg = Release|Any CPU
		{E17951D5-85F2-4FDA-B9FD-1116EA6CCB0A}.Release|Any CPU.Build.0 = Release|Any CPU
		{E17951D5-85F2-4FDA-B9FD-1116EA6CCB0A}.Release|x64.ActiveCfg = Release|x64
		{E17951D5-85F2-4FDA-B9FD-1116EA6CCB0A}.Release|x64.Build.0 = Release|x64
		{E17951D5-85F2-4FDA-B9FD-1116EA6CCB0A}.Release|x86.ActiveCfg = Release|Any CPU
		{E17951D5-85F2-4FDA-B9FD-1116EA6CCB0A}.Release|x86.Build.0 = Release|Any CPU
		{E17951D5-85F2-4FDA-B9FD-1116EA6CCB0A}.WPFDevelop|Any CPU.ActiveCfg = WPFDevelop|Any CPU
		{E17951D5-85F2-4FDA-B9FD-1116EA6CCB0A}.WPFDevelop|Any CPU.Build.0 = WPFDevelop|Any CPU
		{E17951D5-85F2-4FDA-B9FD-1116EA6CCB0A}.WPFDevelop|x64.ActiveCfg = WPFDevelop|x64
		{E17951D5-85F2-4FDA-B9FD-1116EA6CCB0A}.WPFDevelop|x64.Build.0 = WPFDevelop|x64
		{E17951D5-85F2-4FDA-B9FD-1116EA6CCB0A}.WPFDevelop|x86.ActiveCfg = WPFDevelop|Any CPU
		{E17951D5-85F2-4FDA-B9FD-1116EA6CCB0A}.WPFDevelop|x86.Build.0 = WPFDevelop|Any CPU
		{3413DF58-8BA9-4276-9C6D-6F67B527C9AF}.Debug|Any CPU.ActiveCfg = Debug|Any CPU
		{3413DF58-8BA9-4276-9C6D-6F67B527C9AF}.Debug|Any CPU.Build.0 = Debug|Any CPU
		{3413DF58-8BA9-4276-9C6D-6F67B527C9AF}.Debug|x64.ActiveCfg = Debug|x64
		{3413DF58-8BA9-4276-9C6D-6F67B527C9AF}.Debug|x64.Build.0 = Debug|x64
		{3413DF58-8BA9-4276-9C6D-6F67B527C9AF}.Debug|x86.ActiveCfg = Debug|Any CPU
		{3413DF58-8BA9-4276-9C6D-6F67B527C9AF}.Debug|x86.Build.0 = Debug|Any CPU
		{3413DF58-8BA9-4276-9C6D-6F67B527C9AF}.Release|Any CPU.ActiveCfg = Release|Any CPU
		{3413DF58-8BA9-4276-9C6D-6F67B527C9AF}.Release|Any CPU.Build.0 = Release|Any CPU
		{3413DF58-8BA9-4276-9C6D-6F67B527C9AF}.Release|x64.ActiveCfg = Release|x64
		{3413DF58-8BA9-4276-9C6D-6F67B527C9AF}.Release|x64.Build.0 = Release|x64
		{3413DF58-8BA9-4276-9C6D-6F67B527C9AF}.Release|x86.ActiveCfg = Release|Any CPU
		{3413DF58-8BA9-4276-9C6D-6F67B527C9AF}.Release|x86.Build.0 = Release|Any CPU
		{3413DF58-8BA9-4276-9C6D-6F67B527C9AF}.WPFDevelop|Any CPU.ActiveCfg = WPFDevelop|Any CPU
		{3413DF58-8BA9-4276-9C6D-6F67B527C9AF}.WPFDevelop|Any CPU.Build.0 = WPFDevelop|Any CPU
		{3413DF58-8BA9-4276-9C6D-6F67B527C9AF}.WPFDevelop|x64.ActiveCfg = WPFDevelop|x64
		{3413DF58-8BA9-4276-9C6D-6F67B527C9AF}.WPFDevelop|x64.Build.0 = WPFDevelop|x64
		{3413DF58-8BA9-4276-9C6D-6F67B527C9AF}.WPFDevelop|x86.ActiveCfg = WPFDevelop|Any CPU
		{3413DF58-8BA9-4276-9C6D-6F67B527C9AF}.WPFDevelop|x86.Build.0 = WPFDevelop|Any CPU
		{1FF0A134-65CB-4059-B93E-F7E34BBB53FE}.Debug|Any CPU.ActiveCfg = Debug|Any CPU
		{1FF0A134-65CB-4059-B93E-F7E34BBB53FE}.Debug|Any CPU.Build.0 = Debug|Any CPU
		{1FF0A134-65CB-4059-B93E-F7E34BBB53FE}.Debug|x64.ActiveCfg = Debug|Any CPU
		{1FF0A134-65CB-4059-B93E-F7E34BBB53FE}.Debug|x64.Build.0 = Debug|Any CPU
		{1FF0A134-65CB-4059-B93E-F7E34BBB53FE}.Debug|x86.ActiveCfg = Debug|Any CPU
		{1FF0A134-65CB-4059-B93E-F7E34BBB53FE}.Debug|x86.Build.0 = Debug|Any CPU
		{1FF0A134-65CB-4059-B93E-F7E34BBB53FE}.Release|Any CPU.ActiveCfg = Release|Any CPU
		{1FF0A134-65CB-4059-B93E-F7E34BBB53FE}.Release|Any CPU.Build.0 = Release|Any CPU
		{1FF0A134-65CB-4059-B93E-F7E34BBB53FE}.Release|x64.ActiveCfg = Release|Any CPU
		{1FF0A134-65CB-4059-B93E-F7E34BBB53FE}.Release|x64.Build.0 = Release|Any CPU
		{1FF0A134-65CB-4059-B93E-F7E34BBB53FE}.Release|x86.ActiveCfg = Release|Any CPU
		{1FF0A134-65CB-4059-B93E-F7E34BBB53FE}.Release|x86.Build.0 = Release|Any CPU
		{1FF0A134-65CB-4059-B93E-F7E34BBB53FE}.WPFDevelop|Any CPU.ActiveCfg = Release|Any CPU
		{1FF0A134-65CB-4059-B93E-F7E34BBB53FE}.WPFDevelop|Any CPU.Build.0 = Release|Any CPU
		{1FF0A134-65CB-4059-B93E-F7E34BBB53FE}.WPFDevelop|x64.ActiveCfg = Release|Any CPU
		{1FF0A134-65CB-4059-B93E-F7E34BBB53FE}.WPFDevelop|x64.Build.0 = Release|Any CPU
		{1FF0A134-65CB-4059-B93E-F7E34BBB53FE}.WPFDevelop|x86.ActiveCfg = Release|Any CPU
		{1FF0A134-65CB-4059-B93E-F7E34BBB53FE}.WPFDevelop|x86.Build.0 = Release|Any CPU
	EndGlobalSection
	GlobalSection(SolutionProperties) = preSolution
		HideSolutionNode = FALSE
	EndGlobalSection
	GlobalSection(NestedProjects) = preSolution
		{A39293C1-92D8-47B9-93A4-41F443B4F9E4} = {E803B141-93AE-42BD-A068-4C95DD99C923}
		{1E700D21-62D3-4525-93FE-C1FB0A1B0564} = {E803B141-93AE-42BD-A068-4C95DD99C923}
		{D926B493-78B6-4FAB-A354-53869F664B5B} = {E803B141-93AE-42BD-A068-4C95DD99C923}
	EndGlobalSection
	GlobalSection(ExtensibilityGlobals) = postSolution
		SolutionGuid = {F2BB4EB7-EA7A-4A8D-9532-6C3BCC64095D}
	EndGlobalSection
EndGlobal
